// !$*UTF8*$!
{
	archiveVersion = 1;
	classes = {
	};
	objectVersion = 46;
	objects = {

/* Begin PBXBuildFile section */
		0207DA581B56EA530066E2B4 /* Images.xcassets in Resources */ = {isa = PBXBuildFile; fileRef = 0207DA571B56EA530066E2B4 /* Images.xcassets */; };
		1D3623260D0F684500981E51 /* AppDelegate.m in Sources */ = {isa = PBXBuildFile; fileRef = 1D3623250D0F684500981E51 /* AppDelegate.m */; };
		1D60589B0D05DD56006BFB54 /* main.m in Sources */ = {isa = PBXBuildFile; fileRef = 29B97316FDCFA39411CA2CEA /* main.m */; };
		238ACA7E565D40A5B62774A4 /* AppPreferences.m in Sources */ = {isa = PBXBuildFile; fileRef = 8B13E1558AE546C190D2F059 /* AppPreferences.m */; };
		2FE352ADF66B4F09872A6F2B /* CDVLocation.m in Sources */ = {isa = PBXBuildFile; fileRef = 191D939536D94FF385ECDDB7 /* CDVLocation.m */; };
		301BF552109A68D80062928A /* libCordova.a in Frameworks */ = {isa = PBXBuildFile; fileRef = 301BF535109A57CC0062928A /* libCordova.a */; settings = {ATTRIBUTES = (Required, ); }; };
		302D95F114D2391D003F00A1 /* MainViewController.m in Sources */ = {isa = PBXBuildFile; fileRef = 302D95EF14D2391D003F00A1 /* MainViewController.m */; };
		302D95F214D2391D003F00A1 /* MainViewController.xib in Resources */ = {isa = PBXBuildFile; fileRef = 302D95F014D2391D003F00A1 /* MainViewController.xib */; };
		5982477729874BB68114D6D4 /* sqlite3.c in Sources */ = {isa = PBXBuildFile; fileRef = CCDD7C80A4B04738AE2B0FD4 /* sqlite3.c */; };
		6EE60E4E8538443EAFD794B4 /* CDVStatusBar.m in Sources */ = {isa = PBXBuildFile; fileRef = 8AF87EDA459A407C8F5E08B6 /* CDVStatusBar.m */; };
		9033B652B6844E8687768810 /* CDVPOM.m in Sources */ = {isa = PBXBuildFile; fileRef = 4B5EBA57F33A427887DF099A /* CDVPOM.m */; };
		A21AC622792C4A498B2C95D7 /* CoreLocation.framework in Frameworks */ = {isa = PBXBuildFile; fileRef = C250F88367ED46F587500FA6 /* CoreLocation.framework */; };
		A365ABC89D611352548161AF /* Pods_First.framework in Frameworks */ = {isa = PBXBuildFile; fileRef = 15546F72D0234E5456F46333 /* Pods_First.framework */; };
		CE79D890237312F4004C0F44 /* Settings.bundle in Resources */ = {isa = PBXBuildFile; fileRef = CE79D88A237312F4004C0F44 /* Settings.bundle */; };
		CE79D89A2373133D004C0F44 /* Connexion – 10.png in Resources */ = {isa = PBXBuildFile; fileRef = CEE18ED423706EE40018D39C /* Connexion – 10.png */; };
		CE79D89B2373133D004C0F44 /* MainViewController.xib in Resources */ = {isa = PBXBuildFile; fileRef = 302D95F014D2391D003F00A1 /* MainViewController.xib */; };
		CE79D89C2373133D004C0F44 /* Images.xcassets in Resources */ = {isa = PBXBuildFile; fileRef = 0207DA571B56EA530066E2B4 /* Images.xcassets */; };
		CE79D89D2373133D004C0F44 /* CDVLaunchScreen.storyboard in Resources */ = {isa = PBXBuildFile; fileRef = CEE18ECB23706E510018D39C /* CDVLaunchScreen.storyboard */; };
		CE79D89E2373133D004C0F44 /* Settings.bundle in Resources */ = {isa = PBXBuildFile; fileRef = CE63235E23709357004BE34B /* Settings.bundle */; };
		CE79D89F2373133D004C0F44 /* Connexion – 9.png in Resources */ = {isa = PBXBuildFile; fileRef = CEE18ED523706EE40018D39C /* Connexion – 9.png */; };
		CE79D8A32373133D004C0F44 /* main.m in Sources */ = {isa = PBXBuildFile; fileRef = 29B97316FDCFA39411CA2CEA /* main.m */; };
		CE79D8A42373133D004C0F44 /* AppDelegate.m in Sources */ = {isa = PBXBuildFile; fileRef = 1D3623250D0F684500981E51 /* AppDelegate.m */; };
		CE79D8A52373133D004C0F44 /* MainViewController.m in Sources */ = {isa = PBXBuildFile; fileRef = 302D95EF14D2391D003F00A1 /* MainViewController.m */; };
		CE79D8A62373133D004C0F44 /* SQLitePlugin.m in Sources */ = {isa = PBXBuildFile; fileRef = F66EBF74A1CB4C858871760E /* SQLitePlugin.m */; };
		CE79D8A72373133D004C0F44 /* sqlite3.c in Sources */ = {isa = PBXBuildFile; fileRef = CCDD7C80A4B04738AE2B0FD4 /* sqlite3.c */; };
		CE79D8A82373133D004C0F44 /* CDVStatusBar.m in Sources */ = {isa = PBXBuildFile; fileRef = 8AF87EDA459A407C8F5E08B6 /* CDVStatusBar.m */; };
		CE79D8A92373133D004C0F44 /* AppPreferences.m in Sources */ = {isa = PBXBuildFile; fileRef = 8B13E1558AE546C190D2F059 /* AppPreferences.m */; };
		CE79D8AA2373133D004C0F44 /* CDVLocation.m in Sources */ = {isa = PBXBuildFile; fileRef = 191D939536D94FF385ECDDB7 /* CDVLocation.m */; };
		CE79D8AB2373133D004C0F44 /* CDVPOM.m in Sources */ = {isa = PBXBuildFile; fileRef = 4B5EBA57F33A427887DF099A /* CDVPOM.m */; };
		CE79D8AC2373133D004C0F44 /* CDVBarcodeScanner.mm in Sources */ = {isa = PBXBuildFile; fileRef = AAE7C1391D2C4F15823C2A46 /* CDVBarcodeScanner.mm */; };
		CE79D8AE2373133D004C0F44 /* libCordova.a in Frameworks */ = {isa = PBXBuildFile; fileRef = 301BF535109A57CC0062928A /* libCordova.a */; settings = {ATTRIBUTES = (Required, ); }; };
		CE79D8AF2373133D004C0F44 /* CoreLocation.framework in Frameworks */ = {isa = PBXBuildFile; fileRef = C250F88367ED46F587500FA6 /* CoreLocation.framework */; };
		CE79D8B02373133D004C0F44 /* Pods_First.framework in Frameworks */ = {isa = PBXBuildFile; fileRef = 15546F72D0234E5456F46333 /* Pods_First.framework */; };
		CE79D8BE2373147E004C0F44 /* Connexion – 10.png in Resources */ = {isa = PBXBuildFile; fileRef = CEE18ED423706EE40018D39C /* Connexion – 10.png */; };
		CE79D8BF2373147E004C0F44 /* MainViewController.xib in Resources */ = {isa = PBXBuildFile; fileRef = 302D95F014D2391D003F00A1 /* MainViewController.xib */; };
		CE79D8C02373147E004C0F44 /* Images.xcassets in Resources */ = {isa = PBXBuildFile; fileRef = 0207DA571B56EA530066E2B4 /* Images.xcassets */; };
		CE79D8C12373147E004C0F44 /* CDVLaunchScreen.storyboard in Resources */ = {isa = PBXBuildFile; fileRef = CEE18ECB23706E510018D39C /* CDVLaunchScreen.storyboard */; };
		CE79D8C32373147E004C0F44 /* Connexion – 9.png in Resources */ = {isa = PBXBuildFile; fileRef = CEE18ED523706EE40018D39C /* Connexion – 9.png */; };
		CE79D8C42373147E004C0F44 /* Settings.bundle in Resources */ = {isa = PBXBuildFile; fileRef = CE79D88F237312F4004C0F44 /* Settings.bundle */; };
		CE79D8C62373147E004C0F44 /* main.m in Sources */ = {isa = PBXBuildFile; fileRef = 29B97316FDCFA39411CA2CEA /* main.m */; };
		CE79D8C72373147E004C0F44 /* AppDelegate.m in Sources */ = {isa = PBXBuildFile; fileRef = 1D3623250D0F684500981E51 /* AppDelegate.m */; };
		CE79D8C82373147E004C0F44 /* MainViewController.m in Sources */ = {isa = PBXBuildFile; fileRef = 302D95EF14D2391D003F00A1 /* MainViewController.m */; };
		CE79D8C92373147E004C0F44 /* SQLitePlugin.m in Sources */ = {isa = PBXBuildFile; fileRef = F66EBF74A1CB4C858871760E /* SQLitePlugin.m */; };
		CE79D8CA2373147E004C0F44 /* sqlite3.c in Sources */ = {isa = PBXBuildFile; fileRef = CCDD7C80A4B04738AE2B0FD4 /* sqlite3.c */; };
		CE79D8CB2373147E004C0F44 /* CDVStatusBar.m in Sources */ = {isa = PBXBuildFile; fileRef = 8AF87EDA459A407C8F5E08B6 /* CDVStatusBar.m */; };
		CE79D8CC2373147E004C0F44 /* AppPreferences.m in Sources */ = {isa = PBXBuildFile; fileRef = 8B13E1558AE546C190D2F059 /* AppPreferences.m */; };
		CE79D8CD2373147E004C0F44 /* CDVLocation.m in Sources */ = {isa = PBXBuildFile; fileRef = 191D939536D94FF385ECDDB7 /* CDVLocation.m */; };
		CE79D8CE2373147E004C0F44 /* CDVPOM.m in Sources */ = {isa = PBXBuildFile; fileRef = 4B5EBA57F33A427887DF099A /* CDVPOM.m */; };
		CE79D8CF2373147E004C0F44 /* CDVBarcodeScanner.mm in Sources */ = {isa = PBXBuildFile; fileRef = AAE7C1391D2C4F15823C2A46 /* CDVBarcodeScanner.mm */; };
		CE79D8D12373147E004C0F44 /* libCordova.a in Frameworks */ = {isa = PBXBuildFile; fileRef = 301BF535109A57CC0062928A /* libCordova.a */; settings = {ATTRIBUTES = (Required, ); }; };
		CE79D8D22373147E004C0F44 /* CoreLocation.framework in Frameworks */ = {isa = PBXBuildFile; fileRef = C250F88367ED46F587500FA6 /* CoreLocation.framework */; };
		CE79D8D32373147E004C0F44 /* Pods_First.framework in Frameworks */ = {isa = PBXBuildFile; fileRef = 15546F72D0234E5456F46333 /* Pods_First.framework */; };
		CE79D8E0237314AE004C0F44 /* Settings.bundle in Resources */ = {isa = PBXBuildFile; fileRef = CE79D88D237312F4004C0F44 /* Settings.bundle */; };
		CE79D8E1237314AE004C0F44 /* Connexion – 10.png in Resources */ = {isa = PBXBuildFile; fileRef = CEE18ED423706EE40018D39C /* Connexion – 10.png */; };
		CE79D8E2237314AE004C0F44 /* MainViewController.xib in Resources */ = {isa = PBXBuildFile; fileRef = 302D95F014D2391D003F00A1 /* MainViewController.xib */; };
		CE79D8E3237314AE004C0F44 /* Images.xcassets in Resources */ = {isa = PBXBuildFile; fileRef = 0207DA571B56EA530066E2B4 /* Images.xcassets */; };
		CE79D8E4237314AE004C0F44 /* CDVLaunchScreen.storyboard in Resources */ = {isa = PBXBuildFile; fileRef = CEE18ECB23706E510018D39C /* CDVLaunchScreen.storyboard */; };
		CE79D8E6237314AE004C0F44 /* Connexion – 9.png in Resources */ = {isa = PBXBuildFile; fileRef = CEE18ED523706EE40018D39C /* Connexion – 9.png */; };
		CE79D8E9237314AE004C0F44 /* main.m in Sources */ = {isa = PBXBuildFile; fileRef = 29B97316FDCFA39411CA2CEA /* main.m */; };
		CE79D8EA237314AE004C0F44 /* AppDelegate.m in Sources */ = {isa = PBXBuildFile; fileRef = 1D3623250D0F684500981E51 /* AppDelegate.m */; };
		CE79D8EB237314AE004C0F44 /* MainViewController.m in Sources */ = {isa = PBXBuildFile; fileRef = 302D95EF14D2391D003F00A1 /* MainViewController.m */; };
		CE79D8EC237314AE004C0F44 /* SQLitePlugin.m in Sources */ = {isa = PBXBuildFile; fileRef = F66EBF74A1CB4C858871760E /* SQLitePlugin.m */; };
		CE79D8ED237314AE004C0F44 /* sqlite3.c in Sources */ = {isa = PBXBuildFile; fileRef = CCDD7C80A4B04738AE2B0FD4 /* sqlite3.c */; };
		CE79D8EE237314AE004C0F44 /* CDVStatusBar.m in Sources */ = {isa = PBXBuildFile; fileRef = 8AF87EDA459A407C8F5E08B6 /* CDVStatusBar.m */; };
		CE79D8EF237314AE004C0F44 /* AppPreferences.m in Sources */ = {isa = PBXBuildFile; fileRef = 8B13E1558AE546C190D2F059 /* AppPreferences.m */; };
		CE79D8F0237314AE004C0F44 /* CDVLocation.m in Sources */ = {isa = PBXBuildFile; fileRef = 191D939536D94FF385ECDDB7 /* CDVLocation.m */; };
		CE79D8F1237314AE004C0F44 /* CDVPOM.m in Sources */ = {isa = PBXBuildFile; fileRef = 4B5EBA57F33A427887DF099A /* CDVPOM.m */; };
		CE79D8F2237314AE004C0F44 /* CDVBarcodeScanner.mm in Sources */ = {isa = PBXBuildFile; fileRef = AAE7C1391D2C4F15823C2A46 /* CDVBarcodeScanner.mm */; };
		CE79D8F4237314AE004C0F44 /* libCordova.a in Frameworks */ = {isa = PBXBuildFile; fileRef = 301BF535109A57CC0062928A /* libCordova.a */; settings = {ATTRIBUTES = (Required, ); }; };
		CE79D8F5237314AE004C0F44 /* CoreLocation.framework in Frameworks */ = {isa = PBXBuildFile; fileRef = C250F88367ED46F587500FA6 /* CoreLocation.framework */; };
		CE79D8F6237314AE004C0F44 /* Pods_First.framework in Frameworks */ = {isa = PBXBuildFile; fileRef = 15546F72D0234E5456F46333 /* Pods_First.framework */; };
		CEE18ECC23706E510018D39C /* CDVLaunchScreen.storyboard in Resources */ = {isa = PBXBuildFile; fileRef = CEE18ECB23706E510018D39C /* CDVLaunchScreen.storyboard */; };
		CEE18EDD23706EE40018D39C /* Connexion – 10.png in Resources */ = {isa = PBXBuildFile; fileRef = CEE18ED423706EE40018D39C /* Connexion – 10.png */; };
		CEE18EDE23706EE40018D39C /* Connexion – 9.png in Resources */ = {isa = PBXBuildFile; fileRef = CEE18ED523706EE40018D39C /* Connexion – 9.png */; };
		D831E96051F843DDA57AD15A /* SQLitePlugin.m in Sources */ = {isa = PBXBuildFile; fileRef = F66EBF74A1CB4C858871760E /* SQLitePlugin.m */; };
		EA92BAD3007B442681F8F397 /* CDVBarcodeScanner.mm in Sources */ = {isa = PBXBuildFile; fileRef = AAE7C1391D2C4F15823C2A46 /* CDVBarcodeScanner.mm */; };
/* End PBXBuildFile section */

/* Begin PBXContainerItemProxy section */
		301BF534109A57CC0062928A /* PBXContainerItemProxy */ = {
			isa = PBXContainerItemProxy;
			containerPortal = 301BF52D109A57CC0062928A /* CordovaLib.xcodeproj */;
			proxyType = 2;
			remoteGlobalIDString = D2AAC07E0554694100DB518D;
			remoteInfo = CordovaLib;
		};
		301BF550109A68C00062928A /* PBXContainerItemProxy */ = {
			isa = PBXContainerItemProxy;
			containerPortal = 301BF52D109A57CC0062928A /* CordovaLib.xcodeproj */;
			proxyType = 1;
			remoteGlobalIDString = D2AAC07D0554694100DB518D;
			remoteInfo = CordovaLib;
		};
		907D8123214C687600058A10 /* PBXContainerItemProxy */ = {
			isa = PBXContainerItemProxy;
			containerPortal = 301BF52D109A57CC0062928A /* CordovaLib.xcodeproj */;
			proxyType = 2;
			remoteGlobalIDString = C0C01EB21E3911D50056E6CB;
			remoteInfo = Cordova;
		};
		CE79D8952373133D004C0F44 /* PBXContainerItemProxy */ = {
			isa = PBXContainerItemProxy;
			containerPortal = 301BF52D109A57CC0062928A /* CordovaLib.xcodeproj */;
			proxyType = 1;
			remoteGlobalIDString = D2AAC07D0554694100DB518D;
			remoteInfo = CordovaLib;
		};
		CE79D8B92373147E004C0F44 /* PBXContainerItemProxy */ = {
			isa = PBXContainerItemProxy;
			containerPortal = 301BF52D109A57CC0062928A /* CordovaLib.xcodeproj */;
			proxyType = 1;
			remoteGlobalIDString = D2AAC07D0554694100DB518D;
			remoteInfo = CordovaLib;
		};
		CE79D8DC237314AE004C0F44 /* PBXContainerItemProxy */ = {
			isa = PBXContainerItemProxy;
			containerPortal = 301BF52D109A57CC0062928A /* CordovaLib.xcodeproj */;
			proxyType = 1;
			remoteGlobalIDString = D2AAC07D0554694100DB518D;
			remoteInfo = CordovaLib;
		};
/* End PBXContainerItemProxy section */

/* Begin PBXFileReference section */
		0207DA571B56EA530066E2B4 /* Images.xcassets */ = {isa = PBXFileReference; lastKnownFileType = folder.assetcatalog; name = Images.xcassets; path = First/Images.xcassets; sourceTree = SOURCE_ROOT; };
		15546F72D0234E5456F46333 /* Pods_First.framework */ = {isa = PBXFileReference; explicitFileType = wrapper.framework; includeInIndex = 0; path = Pods_First.framework; sourceTree = BUILT_PRODUCTS_DIR; };
		191D939536D94FF385ECDDB7 /* CDVLocation.m */ = {isa = PBXFileReference; explicitFileType = undefined; fileEncoding = 4; includeInIndex = 0; lastKnownFileType = sourcecode.c.objc; name = CDVLocation.m; path = "cordova-plugin-geolocation/CDVLocation.m"; sourceTree = "<group>"; };
		1D3623240D0F684500981E51 /* AppDelegate.h */ = {isa = PBXFileReference; fileEncoding = 4; lastKnownFileType = sourcecode.c.h; path = AppDelegate.h; sourceTree = "<group>"; };
		1D3623250D0F684500981E51 /* AppDelegate.m */ = {isa = PBXFileReference; fileEncoding = 4; lastKnownFileType = sourcecode.c.objc; path = AppDelegate.m; sourceTree = "<group>"; };
		1D6058910D05DD3D006BFB54 /* First-DEV.app */ = {isa = PBXFileReference; explicitFileType = wrapper.application; includeInIndex = 0; path = "First-DEV.app"; sourceTree = BUILT_PRODUCTS_DIR; };
		293028EE6A68A6B7C91CC516 /* Pods-First.release.xcconfig */ = {isa = PBXFileReference; includeInIndex = 1; lastKnownFileType = text.xcconfig; name = "Pods-First.release.xcconfig"; path = "Target Support Files/Pods-First/Pods-First.release.xcconfig"; sourceTree = "<group>"; };
		29B97316FDCFA39411CA2CEA /* main.m */ = {isa = PBXFileReference; fileEncoding = 4; lastKnownFileType = sourcecode.c.objc; path = main.m; sourceTree = "<group>"; };
		301BF52D109A57CC0062928A /* CordovaLib.xcodeproj */ = {isa = PBXFileReference; lastKnownFileType = "wrapper.pb-project"; name = CordovaLib.xcodeproj; path = CordovaLib/CordovaLib.xcodeproj; sourceTree = "<group>"; };
		301BF56E109A69640062928A /* www */ = {isa = PBXFileReference; lastKnownFileType = folder; path = www; sourceTree = SOURCE_ROOT; };
		302D95EE14D2391D003F00A1 /* MainViewController.h */ = {isa = PBXFileReference; fileEncoding = 4; lastKnownFileType = sourcecode.c.h; path = MainViewController.h; sourceTree = "<group>"; };
		302D95EF14D2391D003F00A1 /* MainViewController.m */ = {isa = PBXFileReference; fileEncoding = 4; lastKnownFileType = sourcecode.c.objc; path = MainViewController.m; sourceTree = "<group>"; };
		302D95F014D2391D003F00A1 /* MainViewController.xib */ = {isa = PBXFileReference; fileEncoding = 4; lastKnownFileType = file.xib; path = MainViewController.xib; sourceTree = "<group>"; };
		3047A50F1AB8059700498E2A /* build-debug.xcconfig */ = {isa = PBXFileReference; fileEncoding = 4; lastKnownFileType = text.xcconfig; name = "build-debug.xcconfig"; path = "cordova/build-debug.xcconfig"; sourceTree = SOURCE_ROOT; };
		3047A5101AB8059700498E2A /* build-release.xcconfig */ = {isa = PBXFileReference; fileEncoding = 4; lastKnownFileType = text.xcconfig; name = "build-release.xcconfig"; path = "cordova/build-release.xcconfig"; sourceTree = SOURCE_ROOT; };
		3047A5111AB8059700498E2A /* build.xcconfig */ = {isa = PBXFileReference; fileEncoding = 4; lastKnownFileType = text.xcconfig; name = build.xcconfig; path = cordova/build.xcconfig; sourceTree = SOURCE_ROOT; };
		32CA4F630368D1EE00C91783 /* First-Prefix.pch */ = {isa = PBXFileReference; fileEncoding = 4; lastKnownFileType = sourcecode.c.h; path = "First-Prefix.pch"; sourceTree = "<group>"; };
		35978CFF723CAE76077456EF /* Pods-First.debug.xcconfig */ = {isa = PBXFileReference; includeInIndex = 1; lastKnownFileType = text.xcconfig; name = "Pods-First.debug.xcconfig"; path = "Target Support Files/Pods-First/Pods-First.debug.xcconfig"; sourceTree = "<group>"; };
		44032344909B4E2FB5718260 /* sqlite3.h */ = {isa = PBXFileReference; explicitFileType = undefined; fileEncoding = 4; includeInIndex = 0; lastKnownFileType = sourcecode.c.h; name = sqlite3.h; path = "cordova-plugin-sqlite/sqlite3.h"; sourceTree = "<group>"; };
		48033B78DED14DC8877BC322 /* CDVPOM.h */ = {isa = PBXFileReference; explicitFileType = undefined; fileEncoding = 4; includeInIndex = 0; lastKnownFileType = sourcecode.c.h; name = CDVPOM.h; path = fr.aeroportsdeparis.cordova.pom/CDVPOM.h; sourceTree = "<group>"; };
		4B5EBA57F33A427887DF099A /* CDVPOM.m */ = {isa = PBXFileReference; explicitFileType = undefined; fileEncoding = 4; includeInIndex = 0; lastKnownFileType = sourcecode.c.objc; name = CDVPOM.m; path = fr.aeroportsdeparis.cordova.pom/CDVPOM.m; sourceTree = "<group>"; };
		5F982B868A2E42CC82967FAD /* SQLitePlugin.h */ = {isa = PBXFileReference; explicitFileType = undefined; fileEncoding = 4; includeInIndex = 0; lastKnownFileType = sourcecode.c.h; name = SQLitePlugin.h; path = "cordova-plugin-sqlite/SQLitePlugin.h"; sourceTree = "<group>"; };
		6DDBA458EE764E9CBF969FCE /* CDVBarcodeScanner.h */ = {isa = PBXFileReference; explicitFileType = undefined; fileEncoding = 4; includeInIndex = 0; lastKnownFileType = sourcecode.c.h; name = CDVBarcodeScanner.h; path = fr.aeroportdeparis.Barcodescanner/CDVBarcodeScanner.h; sourceTree = "<group>"; };
		8AF87EDA459A407C8F5E08B6 /* CDVStatusBar.m */ = {isa = PBXFileReference; explicitFileType = undefined; fileEncoding = 4; includeInIndex = 0; lastKnownFileType = sourcecode.c.objc; name = CDVStatusBar.m; path = "cordova-plugin-statusbar/CDVStatusBar.m"; sourceTree = "<group>"; };
		8B13E1558AE546C190D2F059 /* AppPreferences.m */ = {isa = PBXFileReference; explicitFileType = undefined; fileEncoding = 4; includeInIndex = 0; lastKnownFileType = sourcecode.c.objc; name = AppPreferences.m; path = "cordova-plugin-app-preferences/AppPreferences.m"; sourceTree = "<group>"; };
		8D1107310486CEB800E47090 /* First-Info.plist */ = {isa = PBXFileReference; fileEncoding = 4; lastKnownFileType = text.plist.xml; name = "First-Info.plist"; path = "First/First-Info.plist"; plistStructureDefinitionIdentifier = "com.apple.xcode.plist.structure-definition.iphone.info-plist"; sourceTree = SOURCE_ROOT; };
		96536FF88A724AD48B3C7266 /* AppPreferences.h */ = {isa = PBXFileReference; explicitFileType = undefined; fileEncoding = 4; includeInIndex = 0; lastKnownFileType = sourcecode.c.h; name = AppPreferences.h; path = "cordova-plugin-app-preferences/AppPreferences.h"; sourceTree = "<group>"; };
		AAE7C1391D2C4F15823C2A46 /* CDVBarcodeScanner.mm */ = {isa = PBXFileReference; explicitFileType = undefined; fileEncoding = 9; includeInIndex = 0; lastKnownFileType = unknown; name = CDVBarcodeScanner.mm; path = fr.aeroportdeparis.Barcodescanner/CDVBarcodeScanner.mm; sourceTree = "<group>"; };
		AE225667AD1E488992429D64 /* CDVStatusBar.h */ = {isa = PBXFileReference; explicitFileType = undefined; fileEncoding = 4; includeInIndex = 0; lastKnownFileType = sourcecode.c.h; name = CDVStatusBar.h; path = "cordova-plugin-statusbar/CDVStatusBar.h"; sourceTree = "<group>"; };
		C250F88367ED46F587500FA6 /* CoreLocation.framework */ = {isa = PBXFileReference; explicitFileType = undefined; fileEncoding = 9; includeInIndex = 0; lastKnownFileType = wrapper.framework; name = CoreLocation.framework; path = System/Library/Frameworks/CoreLocation.framework; sourceTree = SDKROOT; };
		CCDD7C80A4B04738AE2B0FD4 /* sqlite3.c */ = {isa = PBXFileReference; explicitFileType = undefined; fileEncoding = 9; includeInIndex = 0; lastKnownFileType = unknown; name = sqlite3.c; path = "cordova-plugin-sqlite/sqlite3.c"; sourceTree = "<group>"; };
		CE63235E23709357004BE34B /* Settings.bundle */ = {isa = PBXFileReference; lastKnownFileType = "wrapper.plug-in"; path = Settings.bundle; sourceTree = "<group>"; };
		CE79D88A237312F4004C0F44 /* Settings.bundle */ = {isa = PBXFileReference; lastKnownFileType = "wrapper.plug-in"; path = Settings.bundle; sourceTree = "<group>"; };
		CE79D88D237312F4004C0F44 /* Settings.bundle */ = {isa = PBXFileReference; lastKnownFileType = "wrapper.plug-in"; path = Settings.bundle; sourceTree = "<group>"; };
		CE79D88F237312F4004C0F44 /* Settings.bundle */ = {isa = PBXFileReference; lastKnownFileType = "wrapper.plug-in"; path = Settings.bundle; sourceTree = "<group>"; };
		CE79D8B52373133D004C0F44 /* First-VABF.app */ = {isa = PBXFileReference; explicitFileType = wrapper.application; includeInIndex = 0; path = "First-VABF.app"; sourceTree = BUILT_PRODUCTS_DIR; };
		CE79D8D82373147E004C0F44 /* First-INTE.app */ = {isa = PBXFileReference; explicitFileType = wrapper.application; includeInIndex = 0; path = "First-INTE.app"; sourceTree = BUILT_PRODUCTS_DIR; };
		CE79D8FB237314AE004C0F44 /* First-PROD.app */ = {isa = PBXFileReference; explicitFileType = wrapper.application; includeInIndex = 0; path = "First-PROD.app"; sourceTree = BUILT_PRODUCTS_DIR; };
		CE79D9012373233F004C0F44 /* Entitlements-Release.plist */ = {isa = PBXFileReference; lastKnownFileType = text.plist.xml; path = "Entitlements-Release.plist"; sourceTree = "<group>"; };
		CE79D9022373233F004C0F44 /* Entitlements-Debug.plist */ = {isa = PBXFileReference; lastKnownFileType = text.plist.xml; path = "Entitlements-Debug.plist"; sourceTree = "<group>"; };
		CE79D909237323F4004C0F44 /* Entitlements-Release PROD.plist */ = {isa = PBXFileReference; fileEncoding = 4; lastKnownFileType = text.plist.xml; path = "Entitlements-Release PROD.plist"; sourceTree = "<group>"; };
		CE79D90A237323F5004C0F44 /* Entitlements-Debug PROD.plist */ = {isa = PBXFileReference; fileEncoding = 4; lastKnownFileType = text.plist.xml; path = "Entitlements-Debug PROD.plist"; sourceTree = "<group>"; };
		CEE18ECB23706E510018D39C /* CDVLaunchScreen.storyboard */ = {isa = PBXFileReference; fileEncoding = 4; lastKnownFileType = file.storyboard; path = CDVLaunchScreen.storyboard; sourceTree = "<group>"; };
		CEE18ED423706EE40018D39C /* Connexion – 10.png */ = {isa = PBXFileReference; lastKnownFileType = image.png; path = "Connexion – 10.png"; sourceTree = "<group>"; };
		CEE18ED523706EE40018D39C /* Connexion – 9.png */ = {isa = PBXFileReference; lastKnownFileType = image.png; path = "Connexion – 9.png"; sourceTree = "<group>"; };
		D8113341E1144520B361942F /* CDVLocation.h */ = {isa = PBXFileReference; explicitFileType = undefined; fileEncoding = 4; includeInIndex = 0; lastKnownFileType = sourcecode.c.h; name = CDVLocation.h; path = "cordova-plugin-geolocation/CDVLocation.h"; sourceTree = "<group>"; };
		ED33DF2A687741AEAF9F8254 /* Bridging-Header.h */ = {isa = PBXFileReference; fileEncoding = 4; lastKnownFileType = sourcecode.c.h; path = "Bridging-Header.h"; sourceTree = "<group>"; };
		F66EBF74A1CB4C858871760E /* SQLitePlugin.m */ = {isa = PBXFileReference; explicitFileType = undefined; fileEncoding = 4; includeInIndex = 0; lastKnownFileType = sourcecode.c.objc; name = SQLitePlugin.m; path = "cordova-plugin-sqlite/SQLitePlugin.m"; sourceTree = "<group>"; };
		F840E1F0165FE0F500CFE078 /* config.xml */ = {isa = PBXFileReference; lastKnownFileType = text.xml; name = config.xml; path = First/config.xml; sourceTree = "<group>"; };
/* End PBXFileReference section */

/* Begin PBXFrameworksBuildPhase section */
		1D60588F0D05DD3D006BFB54 /* Frameworks */ = {
			isa = PBXFrameworksBuildPhase;
			buildActionMask = 2147483647;
			files = (
				301BF552109A68D80062928A /* libCordova.a in Frameworks */,
				A21AC622792C4A498B2C95D7 /* CoreLocation.framework in Frameworks */,
				A365ABC89D611352548161AF /* Pods_First.framework in Frameworks */,
			);
			runOnlyForDeploymentPostprocessing = 0;
		};
		CE79D8AD2373133D004C0F44 /* Frameworks */ = {
			isa = PBXFrameworksBuildPhase;
			buildActionMask = 2147483647;
			files = (
				CE79D8AE2373133D004C0F44 /* libCordova.a in Frameworks */,
				CE79D8AF2373133D004C0F44 /* CoreLocation.framework in Frameworks */,
				CE79D8B02373133D004C0F44 /* Pods_First.framework in Frameworks */,
			);
			runOnlyForDeploymentPostprocessing = 0;
		};
		CE79D8D02373147E004C0F44 /* Frameworks */ = {
			isa = PBXFrameworksBuildPhase;
			buildActionMask = 2147483647;
			files = (
				CE79D8D12373147E004C0F44 /* libCordova.a in Frameworks */,
				CE79D8D22373147E004C0F44 /* CoreLocation.framework in Frameworks */,
				CE79D8D32373147E004C0F44 /* Pods_First.framework in Frameworks */,
			);
			runOnlyForDeploymentPostprocessing = 0;
		};
		CE79D8F3237314AE004C0F44 /* Frameworks */ = {
			isa = PBXFrameworksBuildPhase;
			buildActionMask = 2147483647;
			files = (
				CE79D8F4237314AE004C0F44 /* libCordova.a in Frameworks */,
				CE79D8F5237314AE004C0F44 /* CoreLocation.framework in Frameworks */,
				CE79D8F6237314AE004C0F44 /* Pods_First.framework in Frameworks */,
			);
			runOnlyForDeploymentPostprocessing = 0;
		};
/* End PBXFrameworksBuildPhase section */

/* Begin PBXGroup section */
		080E96DDFE201D6D7F000001 /* Classes */ = {
			isa = PBXGroup;
			children = (
				302D95EE14D2391D003F00A1 /* MainViewController.h */,
				302D95EF14D2391D003F00A1 /* MainViewController.m */,
				302D95F014D2391D003F00A1 /* MainViewController.xib */,
				1D3623240D0F684500981E51 /* AppDelegate.h */,
				1D3623250D0F684500981E51 /* AppDelegate.m */,
			);
			name = Classes;
			path = First/Classes;
			sourceTree = SOURCE_ROOT;
		};
		19C28FACFE9D520D11CA2CBB /* Products */ = {
			isa = PBXGroup;
			children = (
				1D6058910D05DD3D006BFB54 /* First-DEV.app */,
				CE79D8B52373133D004C0F44 /* First-VABF.app */,
				CE79D8D82373147E004C0F44 /* First-INTE.app */,
				CE79D8FB237314AE004C0F44 /* First-PROD.app */,
			);
			name = Products;
			sourceTree = "<group>";
		};
		29B97314FDCFA39411CA2CEA /* CustomTemplate */ = {
			isa = PBXGroup;
			children = (
				CE79D91123732519004C0F44 /* Settings */,
				CE79D910237324DC004C0F44 /* Entitlements */,
				EB87FDF11871DA420020F90C /* Staging */,
				301BF52D109A57CC0062928A /* CordovaLib.xcodeproj */,
				080E96DDFE201D6D7F000001 /* Classes */,
				307C750510C5A3420062BCA9 /* Plugins */,
				29B97315FDCFA39411CA2CEA /* Other Sources */,
				29B97317FDCFA39411CA2CEA /* Resources */,
				29B97323FDCFA39411CA2CEA /* Frameworks */,
				19C28FACFE9D520D11CA2CBB /* Products */,
				D240EF2ED2A75C8109A0AD89 /* Pods */,
			);
			name = CustomTemplate;
			sourceTree = "<group>";
		};
		29B97315FDCFA39411CA2CEA /* Other Sources */ = {
			isa = PBXGroup;
			children = (
				32CA4F630368D1EE00C91783 /* First-Prefix.pch */,
				29B97316FDCFA39411CA2CEA /* main.m */,
				ED33DF2A687741AEAF9F8254 /* Bridging-Header.h */,
			);
			name = "Other Sources";
			path = First;
			sourceTree = "<group>";
		};
		29B97317FDCFA39411CA2CEA /* Resources */ = {
			isa = PBXGroup;
			children = (
				CEE18ECD23706EE40018D39C /* splash */,
				CEE18ECB23706E510018D39C /* CDVLaunchScreen.storyboard */,
				0207DA571B56EA530066E2B4 /* Images.xcassets */,
				3047A50E1AB8057F00498E2A /* config */,
				8D1107310486CEB800E47090 /* First-Info.plist */,
			);
			name = Resources;
			path = First/Resources;
			sourceTree = "<group>";
		};
		29B97323FDCFA39411CA2CEA /* Frameworks */ = {
			isa = PBXGroup;
			children = (
				C250F88367ED46F587500FA6 /* CoreLocation.framework */,
				15546F72D0234E5456F46333 /* Pods_First.framework */,
			);
			name = Frameworks;
			sourceTree = "<group>";
		};
		301BF52E109A57CC0062928A /* Products */ = {
			isa = PBXGroup;
			children = (
				301BF535109A57CC0062928A /* libCordova.a */,
				907D8124214C687600058A10 /* Cordova.framework */,
			);
			name = Products;
			sourceTree = "<group>";
		};
		3047A50E1AB8057F00498E2A /* config */ = {
			isa = PBXGroup;
			children = (
				3047A50F1AB8059700498E2A /* build-debug.xcconfig */,
				3047A5101AB8059700498E2A /* build-release.xcconfig */,
				3047A5111AB8059700498E2A /* build.xcconfig */,
			);
			name = config;
			sourceTree = "<group>";
		};
		307C750510C5A3420062BCA9 /* Plugins */ = {
			isa = PBXGroup;
			children = (
				F66EBF74A1CB4C858871760E /* SQLitePlugin.m */,
				CCDD7C80A4B04738AE2B0FD4 /* sqlite3.c */,
				5F982B868A2E42CC82967FAD /* SQLitePlugin.h */,
				44032344909B4E2FB5718260 /* sqlite3.h */,
				8AF87EDA459A407C8F5E08B6 /* CDVStatusBar.m */,
				AE225667AD1E488992429D64 /* CDVStatusBar.h */,
				8B13E1558AE546C190D2F059 /* AppPreferences.m */,
				96536FF88A724AD48B3C7266 /* AppPreferences.h */,
				191D939536D94FF385ECDDB7 /* CDVLocation.m */,
				D8113341E1144520B361942F /* CDVLocation.h */,
				4B5EBA57F33A427887DF099A /* CDVPOM.m */,
				48033B78DED14DC8877BC322 /* CDVPOM.h */,
				AAE7C1391D2C4F15823C2A46 /* CDVBarcodeScanner.mm */,
				6DDBA458EE764E9CBF969FCE /* CDVBarcodeScanner.h */,
			);
			name = Plugins;
			path = First/Plugins;
			sourceTree = SOURCE_ROOT;
		};
		CE63235D23709357004BE34B /* Settings-VABF */ = {
			isa = PBXGroup;
			children = (
				CE63235E23709357004BE34B /* Settings.bundle */,
			);
			path = "Settings-VABF";
			sourceTree = "<group>";
		};
		CE79D889237312F4004C0F44 /* Settings-DEV */ = {
			isa = PBXGroup;
			children = (
				CE79D88A237312F4004C0F44 /* Settings.bundle */,
			);
			path = "Settings-DEV";
			sourceTree = "<group>";
		};
		CE79D88C237312F4004C0F44 /* Settings-PROD */ = {
			isa = PBXGroup;
			children = (
				CE79D88D237312F4004C0F44 /* Settings.bundle */,
			);
			path = "Settings-PROD";
			sourceTree = "<group>";
		};
		CE79D88E237312F4004C0F44 /* Settings-INTE */ = {
			isa = PBXGroup;
			children = (
				CE79D88F237312F4004C0F44 /* Settings.bundle */,
			);
			path = "Settings-INTE";
			sourceTree = "<group>";
		};
		CE79D910237324DC004C0F44 /* Entitlements */ = {
			isa = PBXGroup;
			children = (
				CE79D90A237323F5004C0F44 /* Entitlements-Debug PROD.plist */,
				CE79D909237323F4004C0F44 /* Entitlements-Release PROD.plist */,
				CE79D9022373233F004C0F44 /* Entitlements-Debug.plist */,
				CE79D9012373233F004C0F44 /* Entitlements-Release.plist */,
			);
			path = Entitlements;
			sourceTree = "<group>";
		};
		CE79D91123732519004C0F44 /* Settings */ = {
			isa = PBXGroup;
			children = (
				CE79D889237312F4004C0F44 /* Settings-DEV */,
				CE63235D23709357004BE34B /* Settings-VABF */,
				CE79D88E237312F4004C0F44 /* Settings-INTE */,
				CE79D88C237312F4004C0F44 /* Settings-PROD */,
			);
			path = Settings;
			sourceTree = "<group>";
		};
		CEE18ECD23706EE40018D39C /* splash */ = {
			isa = PBXGroup;
			children = (
				CEE18ED423706EE40018D39C /* Connexion – 10.png */,
				CEE18ED523706EE40018D39C /* Connexion – 9.png */,
			);
			path = splash;
			sourceTree = "<group>";
		};
		D240EF2ED2A75C8109A0AD89 /* Pods */ = {
			isa = PBXGroup;
			children = (
				35978CFF723CAE76077456EF /* Pods-First.debug.xcconfig */,
				293028EE6A68A6B7C91CC516 /* Pods-First.release.xcconfig */,
			);
			path = Pods;
			sourceTree = "<group>";
		};
		EB87FDF11871DA420020F90C /* Staging */ = {
			isa = PBXGroup;
			children = (
				F840E1F0165FE0F500CFE078 /* config.xml */,
				301BF56E109A69640062928A /* www */,
			);
			name = Staging;
			sourceTree = "<group>";
		};
/* End PBXGroup section */

/* Begin PBXNativeTarget section */
		1D6058900D05DD3D006BFB54 /* First-DEV */ = {
			isa = PBXNativeTarget;
			buildConfigurationList = 1D6058960D05DD3E006BFB54 /* Build configuration list for PBXNativeTarget "First-DEV" */;
			buildPhases = (
				F8A9BD3BA40634ACE826E6DC /* [CP] Check Pods Manifest.lock */,
				304B58A110DAC018002A0835 /* Copy www directory */,
				1D60588D0D05DD3D006BFB54 /* Resources */,
				1D60588E0D05DD3D006BFB54 /* Sources */,
				1D60588F0D05DD3D006BFB54 /* Frameworks */,
				8EF3503D943D2276CA86CB04 /* [CP] Embed Pods Frameworks */,
			);
			buildRules = (
			);
			dependencies = (
				301BF551109A68C00062928A /* PBXTargetDependency */,
			);
			name = "First-DEV";
			productName = First;
			productReference = 1D6058910D05DD3D006BFB54 /* First-DEV.app */;
			productType = "com.apple.product-type.application";
		};
		CE79D8932373133D004C0F44 /* First-VABF */ = {
			isa = PBXNativeTarget;
			buildConfigurationList = CE79D8B22373133D004C0F44 /* Build configuration list for PBXNativeTarget "First-VABF" */;
			buildPhases = (
				CE79D8962373133D004C0F44 /* [CP] Check Pods Manifest.lock */,
				CE79D8972373133D004C0F44 /* Copy www directory */,
				CE79D8982373133D004C0F44 /* Resources */,
				CE79D8A22373133D004C0F44 /* Sources */,
				CE79D8AD2373133D004C0F44 /* Frameworks */,
				CE79D8B12373133D004C0F44 /* [CP] Embed Pods Frameworks */,
			);
			buildRules = (
			);
			dependencies = (
				CE79D8942373133D004C0F44 /* PBXTargetDependency */,
			);
			name = "First-VABF";
			productName = First;
			productReference = CE79D8B52373133D004C0F44 /* First-VABF.app */;
			productType = "com.apple.product-type.application";
		};
		CE79D8B72373147E004C0F44 /* First-INTE */ = {
			isa = PBXNativeTarget;
			buildConfigurationList = CE79D8D52373147E004C0F44 /* Build configuration list for PBXNativeTarget "First-INTE" */;
			buildPhases = (
				CE79D8BA2373147E004C0F44 /* [CP] Check Pods Manifest.lock */,
				CE79D8BB2373147E004C0F44 /* Copy www directory */,
				CE79D8BC2373147E004C0F44 /* Resources */,
				CE79D8C52373147E004C0F44 /* Sources */,
				CE79D8D02373147E004C0F44 /* Frameworks */,
				CE79D8D42373147E004C0F44 /* [CP] Embed Pods Frameworks */,
			);
			buildRules = (
			);
			dependencies = (
				CE79D8B82373147E004C0F44 /* PBXTargetDependency */,
			);
			name = "First-INTE";
			productName = First;
			productReference = CE79D8D82373147E004C0F44 /* First-INTE.app */;
			productType = "com.apple.product-type.application";
		};
		CE79D8DA237314AE004C0F44 /* First-PROD */ = {
			isa = PBXNativeTarget;
			buildConfigurationList = CE79D8F8237314AE004C0F44 /* Build configuration list for PBXNativeTarget "First-PROD" */;
			buildPhases = (
				CE79D8DD237314AE004C0F44 /* [CP] Check Pods Manifest.lock */,
				CE79D8DE237314AE004C0F44 /* Copy www directory */,
				CE79D8DF237314AE004C0F44 /* Resources */,
				CE79D8E8237314AE004C0F44 /* Sources */,
				CE79D8F3237314AE004C0F44 /* Frameworks */,
				CE79D8F7237314AE004C0F44 /* [CP] Embed Pods Frameworks */,
			);
			buildRules = (
			);
			dependencies = (
				CE79D8DB237314AE004C0F44 /* PBXTargetDependency */,
			);
			name = "First-PROD";
			productName = First;
			productReference = CE79D8FB237314AE004C0F44 /* First-PROD.app */;
			productType = "com.apple.product-type.application";
		};
/* End PBXNativeTarget section */

/* Begin PBXProject section */
		29B97313FDCFA39411CA2CEA /* Project object */ = {
			isa = PBXProject;
			attributes = {
				LastUpgradeCheck = 510;
				TargetAttributes = {
					1D6058900D05DD3D006BFB54 = {
						DevelopmentTeam = 2ZP448W2WZ;
						ProvisioningStyle = Automatic;
					};
					CE79D8932373133D004C0F44 = {
						DevelopmentTeam = 2ZP448W2WZ;
						ProvisioningStyle = Automatic;
					};
					CE79D8B72373147E004C0F44 = {
						DevelopmentTeam = 2ZP448W2WZ;
						ProvisioningStyle = Automatic;
					};
					CE79D8DA237314AE004C0F44 = {
						DevelopmentTeam = 2ZP448W2WZ;
						ProvisioningStyle = Automatic;
					};
				};
			};
			buildConfigurationList = C01FCF4E08A954540054247B /* Build configuration list for PBXProject "First" */;
			compatibilityVersion = "Xcode 3.2";
			developmentRegion = English;
			hasScannedForEncodings = 1;
			knownRegions = (
				English,
				en,
				Base,
			);
			mainGroup = 29B97314FDCFA39411CA2CEA /* CustomTemplate */;
			productRefGroup = 19C28FACFE9D520D11CA2CBB /* Products */;
			projectDirPath = "";
			projectReferences = (
				{
					ProductGroup = 301BF52E109A57CC0062928A /* Products */;
					ProjectRef = 301BF52D109A57CC0062928A /* CordovaLib.xcodeproj */;
				},
			);
			projectRoot = "";
			targets = (
				1D6058900D05DD3D006BFB54 /* First-DEV */,
				CE79D8932373133D004C0F44 /* First-VABF */,
				CE79D8B72373147E004C0F44 /* First-INTE */,
				CE79D8DA237314AE004C0F44 /* First-PROD */,
			);
		};
/* End PBXProject section */

/* Begin PBXReferenceProxy section */
		301BF535109A57CC0062928A /* libCordova.a */ = {
			isa = PBXReferenceProxy;
			fileType = archive.ar;
			path = libCordova.a;
			remoteRef = 301BF534109A57CC0062928A /* PBXContainerItemProxy */;
			sourceTree = BUILT_PRODUCTS_DIR;
		};
		907D8124214C687600058A10 /* Cordova.framework */ = {
			isa = PBXReferenceProxy;
			fileType = wrapper.framework;
			path = Cordova.framework;
			remoteRef = 907D8123214C687600058A10 /* PBXContainerItemProxy */;
			sourceTree = BUILT_PRODUCTS_DIR;
		};
/* End PBXReferenceProxy section */

/* Begin PBXResourcesBuildPhase section */
		1D60588D0D05DD3D006BFB54 /* Resources */ = {
			isa = PBXResourcesBuildPhase;
			buildActionMask = 2147483647;
			files = (
				CEE18EDD23706EE40018D39C /* Connexion – 10.png in Resources */,
				302D95F214D2391D003F00A1 /* MainViewController.xib in Resources */,
				0207DA581B56EA530066E2B4 /* Images.xcassets in Resources */,
				CEE18ECC23706E510018D39C /* CDVLaunchScreen.storyboard in Resources */,
				CEE18EDE23706EE40018D39C /* Connexion – 9.png in Resources */,
				CE79D890237312F4004C0F44 /* Settings.bundle in Resources */,
			);
			runOnlyForDeploymentPostprocessing = 0;
		};
		CE79D8982373133D004C0F44 /* Resources */ = {
			isa = PBXResourcesBuildPhase;
			buildActionMask = 2147483647;
			files = (
				CE79D89A2373133D004C0F44 /* Connexion – 10.png in Resources */,
				CE79D89B2373133D004C0F44 /* MainViewController.xib in Resources */,
				CE79D89C2373133D004C0F44 /* Images.xcassets in Resources */,
				CE79D89D2373133D004C0F44 /* CDVLaunchScreen.storyboard in Resources */,
				CE79D89E2373133D004C0F44 /* Settings.bundle in Resources */,
				CE79D89F2373133D004C0F44 /* Connexion – 9.png in Resources */,
			);
			runOnlyForDeploymentPostprocessing = 0;
		};
		CE79D8BC2373147E004C0F44 /* Resources */ = {
			isa = PBXResourcesBuildPhase;
			buildActionMask = 2147483647;
			files = (
				CE79D8BE2373147E004C0F44 /* Connexion – 10.png in Resources */,
				CE79D8BF2373147E004C0F44 /* MainViewController.xib in Resources */,
				CE79D8C02373147E004C0F44 /* Images.xcassets in Resources */,
				CE79D8C12373147E004C0F44 /* CDVLaunchScreen.storyboard in Resources */,
				CE79D8C32373147E004C0F44 /* Connexion – 9.png in Resources */,
				CE79D8C42373147E004C0F44 /* Settings.bundle in Resources */,
			);
			runOnlyForDeploymentPostprocessing = 0;
		};
		CE79D8DF237314AE004C0F44 /* Resources */ = {
			isa = PBXResourcesBuildPhase;
			buildActionMask = 2147483647;
			files = (
				CE79D8E0237314AE004C0F44 /* Settings.bundle in Resources */,
				CE79D8E1237314AE004C0F44 /* Connexion – 10.png in Resources */,
				CE79D8E2237314AE004C0F44 /* MainViewController.xib in Resources */,
				CE79D8E3237314AE004C0F44 /* Images.xcassets in Resources */,
				CE79D8E4237314AE004C0F44 /* CDVLaunchScreen.storyboard in Resources */,
				CE79D8E6237314AE004C0F44 /* Connexion – 9.png in Resources */,
			);
			runOnlyForDeploymentPostprocessing = 0;
		};
/* End PBXResourcesBuildPhase section */

/* Begin PBXShellScriptBuildPhase section */
		304B58A110DAC018002A0835 /* Copy www directory */ = {
			isa = PBXShellScriptBuildPhase;
			buildActionMask = 2147483647;
			files = (
			);
			inputPaths = (
			);
			name = "Copy www directory";
			outputPaths = (
			);
			runOnlyForDeploymentPostprocessing = 0;
			shellPath = /bin/sh;
			shellScript = "\"$SRCROOT/First/Scripts/copy-www-build-step.sh\"";
			showEnvVarsInLog = 0;
		};
		8EF3503D943D2276CA86CB04 /* [CP] Embed Pods Frameworks */ = {
			isa = PBXShellScriptBuildPhase;
			buildActionMask = 2147483647;
			files = (
			);
			inputFileListPaths = (
			);
			inputPaths = (
				"${PODS_ROOT}/Target Support Files/Pods-First/Pods-First-frameworks.sh",
				"${BUILT_PRODUCTS_DIR}/AFNetworking/AFNetworking.framework",
				"${BUILT_PRODUCTS_DIR}/JSONStore/JSONStore.framework",
				"${BUILT_PRODUCTS_DIR}/KSCrash/KSCrash.framework",
				"${BUILT_PRODUCTS_DIR}/POMFramework/POMFramework.framework",
			);
			name = "[CP] Embed Pods Frameworks";
			outputFileListPaths = (
			);
			outputPaths = (
				"${TARGET_BUILD_DIR}/${FRAMEWORKS_FOLDER_PATH}/AFNetworking.framework",
				"${TARGET_BUILD_DIR}/${FRAMEWORKS_FOLDER_PATH}/JSONStore.framework",
				"${TARGET_BUILD_DIR}/${FRAMEWORKS_FOLDER_PATH}/KSCrash.framework",
				"${TARGET_BUILD_DIR}/${FRAMEWORKS_FOLDER_PATH}/POMFramework.framework",
			);
			runOnlyForDeploymentPostprocessing = 0;
			shellPath = /bin/sh;
			shellScript = "\"${PODS_ROOT}/Target Support Files/Pods-First/Pods-First-frameworks.sh\"\n";
			showEnvVarsInLog = 0;
		};
		CE79D8962373133D004C0F44 /* [CP] Check Pods Manifest.lock */ = {
			isa = PBXShellScriptBuildPhase;
			buildActionMask = 2147483647;
			files = (
			);
			inputFileListPaths = (
			);
			inputPaths = (
				"${PODS_PODFILE_DIR_PATH}/Podfile.lock",
				"${PODS_ROOT}/Manifest.lock",
			);
			name = "[CP] Check Pods Manifest.lock";
			outputFileListPaths = (
			);
			outputPaths = (
				"$(DERIVED_FILE_DIR)/Pods-First-checkManifestLockResult.txt",
			);
			runOnlyForDeploymentPostprocessing = 0;
			shellPath = /bin/sh;
			shellScript = "diff \"${PODS_PODFILE_DIR_PATH}/Podfile.lock\" \"${PODS_ROOT}/Manifest.lock\" > /dev/null\nif [ $? != 0 ] ; then\n    # print error to STDERR\n    echo \"error: The sandbox is not in sync with the Podfile.lock. Run 'pod install' or update your CocoaPods installation.\" >&2\n    exit 1\nfi\n# This output is used by Xcode 'outputs' to avoid re-running this script phase.\necho \"SUCCESS\" > \"${SCRIPT_OUTPUT_FILE_0}\"\n";
			showEnvVarsInLog = 0;
		};
		CE79D8972373133D004C0F44 /* Copy www directory */ = {
			isa = PBXShellScriptBuildPhase;
			buildActionMask = 2147483647;
			files = (
			);
			inputPaths = (
			);
			name = "Copy www directory";
			outputPaths = (
			);
			runOnlyForDeploymentPostprocessing = 0;
			shellPath = /bin/sh;
			shellScript = "\"$SRCROOT/First/Scripts/copy-www-build-step.sh\"";
			showEnvVarsInLog = 0;
		};
		CE79D8B12373133D004C0F44 /* [CP] Embed Pods Frameworks */ = {
			isa = PBXShellScriptBuildPhase;
			buildActionMask = 2147483647;
			files = (
			);
			inputFileListPaths = (
			);
			inputPaths = (
				"${PODS_ROOT}/Target Support Files/Pods-First/Pods-First-frameworks.sh",
				"${BUILT_PRODUCTS_DIR}/AFNetworking/AFNetworking.framework",
				"${BUILT_PRODUCTS_DIR}/JSONStore/JSONStore.framework",
				"${BUILT_PRODUCTS_DIR}/KSCrash/KSCrash.framework",
				"${BUILT_PRODUCTS_DIR}/POMFramework/POMFramework.framework",
			);
			name = "[CP] Embed Pods Frameworks";
			outputFileListPaths = (
			);
			outputPaths = (
				"${TARGET_BUILD_DIR}/${FRAMEWORKS_FOLDER_PATH}/AFNetworking.framework",
				"${TARGET_BUILD_DIR}/${FRAMEWORKS_FOLDER_PATH}/JSONStore.framework",
				"${TARGET_BUILD_DIR}/${FRAMEWORKS_FOLDER_PATH}/KSCrash.framework",
				"${TARGET_BUILD_DIR}/${FRAMEWORKS_FOLDER_PATH}/POMFramework.framework",
			);
			runOnlyForDeploymentPostprocessing = 0;
			shellPath = /bin/sh;
			shellScript = "\"${PODS_ROOT}/Target Support Files/Pods-First/Pods-First-frameworks.sh\"\n";
			showEnvVarsInLog = 0;
		};
		CE79D8BA2373147E004C0F44 /* [CP] Check Pods Manifest.lock */ = {
			isa = PBXShellScriptBuildPhase;
			buildActionMask = 2147483647;
			files = (
			);
			inputFileListPaths = (
			);
			inputPaths = (
				"${PODS_PODFILE_DIR_PATH}/Podfile.lock",
				"${PODS_ROOT}/Manifest.lock",
			);
			name = "[CP] Check Pods Manifest.lock";
			outputFileListPaths = (
			);
			outputPaths = (
				"$(DERIVED_FILE_DIR)/Pods-First-checkManifestLockResult.txt",
			);
			runOnlyForDeploymentPostprocessing = 0;
			shellPath = /bin/sh;
			shellScript = "diff \"${PODS_PODFILE_DIR_PATH}/Podfile.lock\" \"${PODS_ROOT}/Manifest.lock\" > /dev/null\nif [ $? != 0 ] ; then\n    # print error to STDERR\n    echo \"error: The sandbox is not in sync with the Podfile.lock. Run 'pod install' or update your CocoaPods installation.\" >&2\n    exit 1\nfi\n# This output is used by Xcode 'outputs' to avoid re-running this script phase.\necho \"SUCCESS\" > \"${SCRIPT_OUTPUT_FILE_0}\"\n";
			showEnvVarsInLog = 0;
		};
		CE79D8BB2373147E004C0F44 /* Copy www directory */ = {
			isa = PBXShellScriptBuildPhase;
			buildActionMask = 2147483647;
			files = (
			);
			inputPaths = (
			);
			name = "Copy www directory";
			outputPaths = (
			);
			runOnlyForDeploymentPostprocessing = 0;
			shellPath = /bin/sh;
			shellScript = "\"$SRCROOT/First/Scripts/copy-www-build-step.sh\"";
			showEnvVarsInLog = 0;
		};
		CE79D8D42373147E004C0F44 /* [CP] Embed Pods Frameworks */ = {
			isa = PBXShellScriptBuildPhase;
			buildActionMask = 2147483647;
			files = (
			);
			inputFileListPaths = (
			);
			inputPaths = (
				"${PODS_ROOT}/Target Support Files/Pods-First/Pods-First-frameworks.sh",
				"${BUILT_PRODUCTS_DIR}/AFNetworking/AFNetworking.framework",
				"${BUILT_PRODUCTS_DIR}/JSONStore/JSONStore.framework",
				"${BUILT_PRODUCTS_DIR}/KSCrash/KSCrash.framework",
				"${BUILT_PRODUCTS_DIR}/POMFramework/POMFramework.framework",
			);
			name = "[CP] Embed Pods Frameworks";
			outputFileListPaths = (
			);
			outputPaths = (
				"${TARGET_BUILD_DIR}/${FRAMEWORKS_FOLDER_PATH}/AFNetworking.framework",
				"${TARGET_BUILD_DIR}/${FRAMEWORKS_FOLDER_PATH}/JSONStore.framework",
				"${TARGET_BUILD_DIR}/${FRAMEWORKS_FOLDER_PATH}/KSCrash.framework",
				"${TARGET_BUILD_DIR}/${FRAMEWORKS_FOLDER_PATH}/POMFramework.framework",
			);
			runOnlyForDeploymentPostprocessing = 0;
			shellPath = /bin/sh;
			shellScript = "\"${PODS_ROOT}/Target Support Files/Pods-First/Pods-First-frameworks.sh\"\n";
			showEnvVarsInLog = 0;
		};
		CE79D8DD237314AE004C0F44 /* [CP] Check Pods Manifest.lock */ = {
			isa = PBXShellScriptBuildPhase;
			buildActionMask = 2147483647;
			files = (
			);
			inputFileListPaths = (
			);
			inputPaths = (
				"${PODS_PODFILE_DIR_PATH}/Podfile.lock",
				"${PODS_ROOT}/Manifest.lock",
			);
			name = "[CP] Check Pods Manifest.lock";
			outputFileListPaths = (
			);
			outputPaths = (
				"$(DERIVED_FILE_DIR)/Pods-First-checkManifestLockResult.txt",
			);
			runOnlyForDeploymentPostprocessing = 0;
			shellPath = /bin/sh;
			shellScript = "diff \"${PODS_PODFILE_DIR_PATH}/Podfile.lock\" \"${PODS_ROOT}/Manifest.lock\" > /dev/null\nif [ $? != 0 ] ; then\n    # print error to STDERR\n    echo \"error: The sandbox is not in sync with the Podfile.lock. Run 'pod install' or update your CocoaPods installation.\" >&2\n    exit 1\nfi\n# This output is used by Xcode 'outputs' to avoid re-running this script phase.\necho \"SUCCESS\" > \"${SCRIPT_OUTPUT_FILE_0}\"\n";
			showEnvVarsInLog = 0;
		};
		CE79D8DE237314AE004C0F44 /* Copy www directory */ = {
			isa = PBXShellScriptBuildPhase;
			buildActionMask = 2147483647;
			files = (
			);
			inputPaths = (
			);
			name = "Copy www directory";
			outputPaths = (
			);
			runOnlyForDeploymentPostprocessing = 0;
			shellPath = /bin/sh;
			shellScript = "\"$SRCROOT/First/Scripts/copy-www-build-step.sh\"";
			showEnvVarsInLog = 0;
		};
		CE79D8F7237314AE004C0F44 /* [CP] Embed Pods Frameworks */ = {
			isa = PBXShellScriptBuildPhase;
			buildActionMask = 2147483647;
			files = (
			);
			inputFileListPaths = (
			);
			inputPaths = (
				"${PODS_ROOT}/Target Support Files/Pods-First/Pods-First-frameworks.sh",
				"${BUILT_PRODUCTS_DIR}/AFNetworking/AFNetworking.framework",
				"${BUILT_PRODUCTS_DIR}/JSONStore/JSONStore.framework",
				"${BUILT_PRODUCTS_DIR}/KSCrash/KSCrash.framework",
				"${BUILT_PRODUCTS_DIR}/POMFramework/POMFramework.framework",
			);
			name = "[CP] Embed Pods Frameworks";
			outputFileListPaths = (
			);
			outputPaths = (
				"${TARGET_BUILD_DIR}/${FRAMEWORKS_FOLDER_PATH}/AFNetworking.framework",
				"${TARGET_BUILD_DIR}/${FRAMEWORKS_FOLDER_PATH}/JSONStore.framework",
				"${TARGET_BUILD_DIR}/${FRAMEWORKS_FOLDER_PATH}/KSCrash.framework",
				"${TARGET_BUILD_DIR}/${FRAMEWORKS_FOLDER_PATH}/POMFramework.framework",
			);
			runOnlyForDeploymentPostprocessing = 0;
			shellPath = /bin/sh;
			shellScript = "\"${PODS_ROOT}/Target Support Files/Pods-First/Pods-First-frameworks.sh\"\n";
			showEnvVarsInLog = 0;
		};
		F8A9BD3BA40634ACE826E6DC /* [CP] Check Pods Manifest.lock */ = {
			isa = PBXShellScriptBuildPhase;
			buildActionMask = 2147483647;
			files = (
			);
			inputFileListPaths = (
			);
			inputPaths = (
				"${PODS_PODFILE_DIR_PATH}/Podfile.lock",
				"${PODS_ROOT}/Manifest.lock",
			);
			name = "[CP] Check Pods Manifest.lock";
			outputFileListPaths = (
			);
			outputPaths = (
				"$(DERIVED_FILE_DIR)/Pods-First-checkManifestLockResult.txt",
			);
			runOnlyForDeploymentPostprocessing = 0;
			shellPath = /bin/sh;
			shellScript = "diff \"${PODS_PODFILE_DIR_PATH}/Podfile.lock\" \"${PODS_ROOT}/Manifest.lock\" > /dev/null\nif [ $? != 0 ] ; then\n    # print error to STDERR\n    echo \"error: The sandbox is not in sync with the Podfile.lock. Run 'pod install' or update your CocoaPods installation.\" >&2\n    exit 1\nfi\n# This output is used by Xcode 'outputs' to avoid re-running this script phase.\necho \"SUCCESS\" > \"${SCRIPT_OUTPUT_FILE_0}\"\n";
			showEnvVarsInLog = 0;
		};
/* End PBXShellScriptBuildPhase section */

/* Begin PBXSourcesBuildPhase section */
		1D60588E0D05DD3D006BFB54 /* Sources */ = {
			isa = PBXSourcesBuildPhase;
			buildActionMask = 2147483647;
			files = (
				1D60589B0D05DD56006BFB54 /* main.m in Sources */,
				1D3623260D0F684500981E51 /* AppDelegate.m in Sources */,
				302D95F114D2391D003F00A1 /* MainViewController.m in Sources */,
				D831E96051F843DDA57AD15A /* SQLitePlugin.m in Sources */,
				5982477729874BB68114D6D4 /* sqlite3.c in Sources */,
				6EE60E4E8538443EAFD794B4 /* CDVStatusBar.m in Sources */,
				238ACA7E565D40A5B62774A4 /* AppPreferences.m in Sources */,
				2FE352ADF66B4F09872A6F2B /* CDVLocation.m in Sources */,
				9033B652B6844E8687768810 /* CDVPOM.m in Sources */,
				EA92BAD3007B442681F8F397 /* CDVBarcodeScanner.mm in Sources */,
			);
			runOnlyForDeploymentPostprocessing = 0;
		};
		CE79D8A22373133D004C0F44 /* Sources */ = {
			isa = PBXSourcesBuildPhase;
			buildActionMask = 2147483647;
			files = (
				CE79D8A32373133D004C0F44 /* main.m in Sources */,
				CE79D8A42373133D004C0F44 /* AppDelegate.m in Sources */,
				CE79D8A52373133D004C0F44 /* MainViewController.m in Sources */,
				CE79D8A62373133D004C0F44 /* SQLitePlugin.m in Sources */,
				CE79D8A72373133D004C0F44 /* sqlite3.c in Sources */,
				CE79D8A82373133D004C0F44 /* CDVStatusBar.m in Sources */,
				CE79D8A92373133D004C0F44 /* AppPreferences.m in Sources */,
				CE79D8AA2373133D004C0F44 /* CDVLocation.m in Sources */,
				CE79D8AB2373133D004C0F44 /* CDVPOM.m in Sources */,
				CE79D8AC2373133D004C0F44 /* CDVBarcodeScanner.mm in Sources */,
			);
			runOnlyForDeploymentPostprocessing = 0;
		};
		CE79D8C52373147E004C0F44 /* Sources */ = {
			isa = PBXSourcesBuildPhase;
			buildActionMask = 2147483647;
			files = (
				CE79D8C62373147E004C0F44 /* main.m in Sources */,
				CE79D8C72373147E004C0F44 /* AppDelegate.m in Sources */,
				CE79D8C82373147E004C0F44 /* MainViewController.m in Sources */,
				CE79D8C92373147E004C0F44 /* SQLitePlugin.m in Sources */,
				CE79D8CA2373147E004C0F44 /* sqlite3.c in Sources */,
				CE79D8CB2373147E004C0F44 /* CDVStatusBar.m in Sources */,
				CE79D8CC2373147E004C0F44 /* AppPreferences.m in Sources */,
				CE79D8CD2373147E004C0F44 /* CDVLocation.m in Sources */,
				CE79D8CE2373147E004C0F44 /* CDVPOM.m in Sources */,
				CE79D8CF2373147E004C0F44 /* CDVBarcodeScanner.mm in Sources */,
			);
			runOnlyForDeploymentPostprocessing = 0;
		};
		CE79D8E8237314AE004C0F44 /* Sources */ = {
			isa = PBXSourcesBuildPhase;
			buildActionMask = 2147483647;
			files = (
				CE79D8E9237314AE004C0F44 /* main.m in Sources */,
				CE79D8EA237314AE004C0F44 /* AppDelegate.m in Sources */,
				CE79D8EB237314AE004C0F44 /* MainViewController.m in Sources */,
				CE79D8EC237314AE004C0F44 /* SQLitePlugin.m in Sources */,
				CE79D8ED237314AE004C0F44 /* sqlite3.c in Sources */,
				CE79D8EE237314AE004C0F44 /* CDVStatusBar.m in Sources */,
				CE79D8EF237314AE004C0F44 /* AppPreferences.m in Sources */,
				CE79D8F0237314AE004C0F44 /* CDVLocation.m in Sources */,
				CE79D8F1237314AE004C0F44 /* CDVPOM.m in Sources */,
				CE79D8F2237314AE004C0F44 /* CDVBarcodeScanner.mm in Sources */,
			);
			runOnlyForDeploymentPostprocessing = 0;
		};
/* End PBXSourcesBuildPhase section */

/* Begin PBXTargetDependency section */
		301BF551109A68C00062928A /* PBXTargetDependency */ = {
			isa = PBXTargetDependency;
			name = CordovaLib;
			targetProxy = 301BF550109A68C00062928A /* PBXContainerItemProxy */;
		};
		CE79D8942373133D004C0F44 /* PBXTargetDependency */ = {
			isa = PBXTargetDependency;
			name = CordovaLib;
			targetProxy = CE79D8952373133D004C0F44 /* PBXContainerItemProxy */;
		};
		CE79D8B82373147E004C0F44 /* PBXTargetDependency */ = {
			isa = PBXTargetDependency;
			name = CordovaLib;
			targetProxy = CE79D8B92373147E004C0F44 /* PBXContainerItemProxy */;
		};
		CE79D8DB237314AE004C0F44 /* PBXTargetDependency */ = {
			isa = PBXTargetDependency;
			name = CordovaLib;
			targetProxy = CE79D8DC237314AE004C0F44 /* PBXContainerItemProxy */;
		};
/* End PBXTargetDependency section */

/* Begin XCBuildConfiguration section */
		1D6058940D05DD3E006BFB54 /* Debug */ = {
			isa = XCBuildConfiguration;
			baseConfigurationReference = 3047A50F1AB8059700498E2A /* build-debug.xcconfig */;
			buildSettings = {
				ALWAYS_SEARCH_USER_PATHS = NO;
				ASSETCATALOG_COMPILER_APPICON_NAME = AppIcon;
				ASSETCATALOG_COMPILER_LAUNCHIMAGE_NAME = "";
				CLANG_ENABLE_MODULES = YES;
				CLANG_ENABLE_OBJC_ARC = YES;
				CODE_SIGN_ENTITLEMENTS = "$(PROJECT_DIR)/Entitlements/Entitlements-$(CONFIGURATION).plist";
				CODE_SIGN_IDENTITY = "Apple Development";
				CODE_SIGN_STYLE = Automatic;
				COPY_PHASE_STRIP = NO;
				DEVELOPMENT_TEAM = 2ZP448W2WZ;
				FRAMEWORK_SEARCH_PATHS = (
					"$(inherited)",
					"\"${PODS_CONFIGURATION_BUILD_DIR}/AFNetworking\"",
					"\"${PODS_CONFIGURATION_BUILD_DIR}/JSONStore\"",
					"\"${PODS_CONFIGURATION_BUILD_DIR}/KSCrash\"",
					"\"${PODS_CONFIGURATION_BUILD_DIR}/POMFramework\"",
				);
				GCC_DYNAMIC_NO_PIC = NO;
				GCC_OPTIMIZATION_LEVEL = 0;
				GCC_PRECOMPILE_PREFIX_HEADER = YES;
				GCC_PREFIX_HEADER = "First/First-Prefix.pch";
				GCC_THUMB_SUPPORT = NO;
				GCC_VERSION = "";
				HEADER_SEARCH_PATHS = (
					"\"$(TARGET_BUILD_DIR)/usr/local/lib/include\"",
					"\"$(OBJROOT)/UninstalledProducts/include\"",
					"\"$(OBJROOT)/UninstalledProducts/$(PLATFORM_NAME)/include\"",
					"\"$(BUILT_PRODUCTS_DIR)\"",
					"$(inherited)",
				);
				INFOPLIST_FILE = "First/First-Info.plist";
				IPHONEOS_DEPLOYMENT_TARGET = 12.0;
				LD_RUNPATH_SEARCH_PATHS = "$(inherited) '@executable_path/Frameworks' '@loader_path/Frameworks'";
				PODS_BUILD_DIR = $BUILD_DIR;
				PODS_CONFIGURATION_BUILD_DIR = "$PODS_BUILD_DIR/$(CONFIGURATION)$(EFFECTIVE_PLATFORM_NAME)";
				PODS_PODFILE_DIR_PATH = "${SRCROOT}/.";
				PODS_ROOT = "${SRCROOT}/Pods";
				PRODUCT_BUNDLE_IDENTIFIER = fr.groupeADP.firstVal;
				PRODUCT_NAME = "$(TARGET_NAME)";
				PROVISIONING_PROFILE_SPECIFIER = "";
				TARGETED_DEVICE_FAMILY = "1,2";
				VALID_ARCHS = "$(ARCHS_STANDARD) i386";
			};
			name = Debug;
		};
		1D6058950D05DD3E006BFB54 /* Release */ = {
			isa = XCBuildConfiguration;
			baseConfigurationReference = 3047A5101AB8059700498E2A /* build-release.xcconfig */;
			buildSettings = {
				ALWAYS_SEARCH_USER_PATHS = NO;
				ASSETCATALOG_COMPILER_APPICON_NAME = AppIcon;
				ASSETCATALOG_COMPILER_LAUNCHIMAGE_NAME = "";
				CLANG_ENABLE_MODULES = YES;
				CLANG_ENABLE_OBJC_ARC = YES;
				CODE_SIGN_ENTITLEMENTS = "$(PROJECT_DIR)/Entitlements/Entitlements-$(CONFIGURATION).plist";
				CODE_SIGN_IDENTITY = "Apple Development";
				CODE_SIGN_STYLE = Automatic;
				COPY_PHASE_STRIP = YES;
				DEVELOPMENT_TEAM = 2ZP448W2WZ;
				FRAMEWORK_SEARCH_PATHS = (
					"$(inherited)",
					"\"${PODS_CONFIGURATION_BUILD_DIR}/AFNetworking\"",
					"\"${PODS_CONFIGURATION_BUILD_DIR}/JSONStore\"",
					"\"${PODS_CONFIGURATION_BUILD_DIR}/KSCrash\"",
					"\"${PODS_CONFIGURATION_BUILD_DIR}/POMFramework\"",
				);
				GCC_PRECOMPILE_PREFIX_HEADER = YES;
				GCC_PREFIX_HEADER = "First/First-Prefix.pch";
				GCC_THUMB_SUPPORT = NO;
				GCC_VERSION = "";
				HEADER_SEARCH_PATHS = (
					"\"$(TARGET_BUILD_DIR)/usr/local/lib/include\"",
					"\"$(OBJROOT)/UninstalledProducts/include\"",
					"\"$(OBJROOT)/UninstalledProducts/$(PLATFORM_NAME)/include\"",
					"\"$(BUILT_PRODUCTS_DIR)\"",
					"$(inherited)",
				);
				INFOPLIST_FILE = "First/First-Info.plist";
				IPHONEOS_DEPLOYMENT_TARGET = 12.0;
				LD_RUNPATH_SEARCH_PATHS = "$(inherited) '@executable_path/Frameworks' '@loader_path/Frameworks'";
				PODS_BUILD_DIR = $BUILD_DIR;
				PODS_CONFIGURATION_BUILD_DIR = "$PODS_BUILD_DIR/$(CONFIGURATION)$(EFFECTIVE_PLATFORM_NAME)";
				PODS_PODFILE_DIR_PATH = "${SRCROOT}/.";
				PODS_ROOT = "${SRCROOT}/Pods";
				PRODUCT_BUNDLE_IDENTIFIER = fr.groupeADP.firstVal;
				PRODUCT_NAME = "$(TARGET_NAME)";
				PROVISIONING_PROFILE_SPECIFIER = "";
				TARGETED_DEVICE_FAMILY = "1,2";
				VALID_ARCHS = "$(ARCHS_STANDARD) i386";
			};
			name = Release;
		};
		C01FCF4F08A954540054247B /* Debug */ = {
			isa = XCBuildConfiguration;
			baseConfigurationReference = 3047A5111AB8059700498E2A /* build.xcconfig */;
			buildSettings = {
				CLANG_ENABLE_MODULES = YES;
				CLANG_ENABLE_OBJC_ARC = YES;
				CLANG_WARN_BLOCK_CAPTURE_AUTORELEASING = YES;
				CLANG_WARN_BOOL_CONVERSION = YES;
				CLANG_WARN_COMMA = YES;
				CLANG_WARN_CONSTANT_CONVERSION = YES;
				CLANG_WARN_DEPRECATED_OBJC_IMPLEMENTATIONS = YES;
				CLANG_WARN_EMPTY_BODY = YES;
				CLANG_WARN_ENUM_CONVERSION = YES;
				CLANG_WARN_INFINITE_RECURSION = YES;
				CLANG_WARN_INT_CONVERSION = YES;
				CLANG_WARN_NON_LITERAL_NULL_CONVERSION = YES;
				CLANG_WARN_OBJC_IMPLICIT_RETAIN_SELF = YES;
				CLANG_WARN_OBJC_LITERAL_CONVERSION = YES;
				CLANG_WARN_RANGE_LOOP_ANALYSIS = YES;
				CLANG_WARN_STRICT_PROTOTYPES = YES;
				CLANG_WARN_SUSPICIOUS_MOVE = YES;
				CLANG_WARN_UNREACHABLE_CODE = YES;
				CLANG_WARN__DUPLICATE_METHOD_MATCH = YES;
				ENABLE_STRICT_OBJC_MSGSEND = YES;
				ENABLE_TESTABILITY = YES;
				GCC_C_LANGUAGE_STANDARD = c99;
				GCC_NO_COMMON_BLOCKS = YES;
				GCC_THUMB_SUPPORT = NO;
				GCC_VERSION = "";
				GCC_WARN_64_TO_32_BIT_CONVERSION = YES;
				GCC_WARN_ABOUT_RETURN_TYPE = YES;
				GCC_WARN_UNDECLARED_SELECTOR = YES;
				GCC_WARN_UNINITIALIZED_AUTOS = YES;
				GCC_WARN_UNUSED_FUNCTION = YES;
				GCC_WARN_UNUSED_VARIABLE = YES;
				ONLY_ACTIVE_ARCH = YES;
				SDKROOT = iphoneos;
				SKIP_INSTALL = NO;
			};
			name = Debug;
		};
		C01FCF5008A954540054247B /* Release */ = {
			isa = XCBuildConfiguration;
			baseConfigurationReference = 3047A5111AB8059700498E2A /* build.xcconfig */;
			buildSettings = {
				CLANG_ENABLE_MODULES = YES;
				CLANG_ENABLE_OBJC_ARC = YES;
				CLANG_WARN_BLOCK_CAPTURE_AUTORELEASING = YES;
				CLANG_WARN_BOOL_CONVERSION = YES;
				CLANG_WARN_COMMA = YES;
				CLANG_WARN_CONSTANT_CONVERSION = YES;
				CLANG_WARN_DEPRECATED_OBJC_IMPLEMENTATIONS = YES;
				CLANG_WARN_EMPTY_BODY = YES;
				CLANG_WARN_ENUM_CONVERSION = YES;
				CLANG_WARN_INFINITE_RECURSION = YES;
				CLANG_WARN_INT_CONVERSION = YES;
				CLANG_WARN_NON_LITERAL_NULL_CONVERSION = YES;
				CLANG_WARN_OBJC_IMPLICIT_RETAIN_SELF = YES;
				CLANG_WARN_OBJC_LITERAL_CONVERSION = YES;
				CLANG_WARN_RANGE_LOOP_ANALYSIS = YES;
				CLANG_WARN_STRICT_PROTOTYPES = YES;
				CLANG_WARN_SUSPICIOUS_MOVE = YES;
				CLANG_WARN_UNREACHABLE_CODE = YES;
				CLANG_WARN__DUPLICATE_METHOD_MATCH = YES;
				ENABLE_STRICT_OBJC_MSGSEND = YES;
				GCC_C_LANGUAGE_STANDARD = c99;
				GCC_NO_COMMON_BLOCKS = YES;
				GCC_THUMB_SUPPORT = NO;
				GCC_VERSION = "";
				GCC_WARN_64_TO_32_BIT_CONVERSION = YES;
				GCC_WARN_ABOUT_RETURN_TYPE = YES;
				GCC_WARN_UNDECLARED_SELECTOR = YES;
				GCC_WARN_UNINITIALIZED_AUTOS = YES;
				GCC_WARN_UNUSED_FUNCTION = YES;
				GCC_WARN_UNUSED_VARIABLE = YES;
				SDKROOT = iphoneos;
				SKIP_INSTALL = NO;
			};
			name = Release;
		};
		CE79D8B32373133D004C0F44 /* Debug */ = {
			isa = XCBuildConfiguration;
			baseConfigurationReference = 3047A50F1AB8059700498E2A /* build-debug.xcconfig */;
			buildSettings = {
				ALWAYS_SEARCH_USER_PATHS = NO;
				ASSETCATALOG_COMPILER_APPICON_NAME = AppIcon;
				ASSETCATALOG_COMPILER_LAUNCHIMAGE_NAME = "";
				CLANG_ENABLE_MODULES = YES;
				CLANG_ENABLE_OBJC_ARC = YES;
				CODE_SIGN_ENTITLEMENTS = "$(PROJECT_DIR)/Entitlements/Entitlements-$(CONFIGURATION).plist";
				CODE_SIGN_IDENTITY = "iPhone Developer";
				CODE_SIGN_STYLE = Automatic;
				COPY_PHASE_STRIP = NO;
				DEVELOPMENT_TEAM = 2ZP448W2WZ;
				FRAMEWORK_SEARCH_PATHS = (
					"$(inherited)",
					"\"${PODS_CONFIGURATION_BUILD_DIR}/AFNetworking\"",
					"\"${PODS_CONFIGURATION_BUILD_DIR}/JSONStore\"",
					"\"${PODS_CONFIGURATION_BUILD_DIR}/KSCrash\"",
					"\"${PODS_CONFIGURATION_BUILD_DIR}/POMFramework\"",
				);
				GCC_DYNAMIC_NO_PIC = NO;
				GCC_OPTIMIZATION_LEVEL = 0;
				GCC_PRECOMPILE_PREFIX_HEADER = YES;
				GCC_PREFIX_HEADER = "First/First-Prefix.pch";
				GCC_THUMB_SUPPORT = NO;
				GCC_VERSION = "";
				HEADER_SEARCH_PATHS = (
					"\"$(TARGET_BUILD_DIR)/usr/local/lib/include\"",
					"\"$(OBJROOT)/UninstalledProducts/include\"",
					"\"$(OBJROOT)/UninstalledProducts/$(PLATFORM_NAME)/include\"",
					"\"$(BUILT_PRODUCTS_DIR)\"",
					"$(inherited)",
				);
				INFOPLIST_FILE = "First/First-Info.plist";
				IPHONEOS_DEPLOYMENT_TARGET = 12.0;
				LD_RUNPATH_SEARCH_PATHS = "$(inherited) '@executable_path/Frameworks' '@loader_path/Frameworks'";
				PODS_BUILD_DIR = $BUILD_DIR;
				PODS_CONFIGURATION_BUILD_DIR = "$PODS_BUILD_DIR/$(CONFIGURATION)$(EFFECTIVE_PLATFORM_NAME)";
				PODS_PODFILE_DIR_PATH = "${SRCROOT}/.";
				PODS_ROOT = "${SRCROOT}/Pods";
				PRODUCT_BUNDLE_IDENTIFIER = fr.groupeADP.firstVal;
				PRODUCT_NAME = "$(TARGET_NAME)";
				PROVISIONING_PROFILE_SPECIFIER = "";
				TARGETED_DEVICE_FAMILY = "1,2";
				VALID_ARCHS = "$(ARCHS_STANDARD) i386";
			};
			name = Debug;
		};
		CE79D8B42373133D004C0F44 /* Release */ = {
			isa = XCBuildConfiguration;
			baseConfigurationReference = 3047A5101AB8059700498E2A /* build-release.xcconfig */;
			buildSettings = {
				ALWAYS_SEARCH_USER_PATHS = NO;
				ASSETCATALOG_COMPILER_APPICON_NAME = AppIcon;
				ASSETCATALOG_COMPILER_LAUNCHIMAGE_NAME = "";
				CLANG_ENABLE_MODULES = YES;
				CLANG_ENABLE_OBJC_ARC = YES;
				CODE_SIGN_ENTITLEMENTS = "$(PROJECT_DIR)/Entitlements/Entitlements-$(CONFIGURATION).plist";
				CODE_SIGN_IDENTITY = "iPhone Distribution";
				CODE_SIGN_STYLE = Manual;
				COPY_PHASE_STRIP = YES;
				DEVELOPMENT_TEAM = 2ZP448W2WZ;
				FRAMEWORK_SEARCH_PATHS = (
					"$(inherited)",
					"\"${PODS_CONFIGURATION_BUILD_DIR}/AFNetworking\"",
					"\"${PODS_CONFIGURATION_BUILD_DIR}/JSONStore\"",
					"\"${PODS_CONFIGURATION_BUILD_DIR}/KSCrash\"",
					"\"${PODS_CONFIGURATION_BUILD_DIR}/POMFramework\"",
				);
				GCC_PRECOMPILE_PREFIX_HEADER = YES;
				GCC_PREFIX_HEADER = "First/First-Prefix.pch";
				GCC_THUMB_SUPPORT = NO;
				GCC_VERSION = "";
				HEADER_SEARCH_PATHS = (
					"\"$(TARGET_BUILD_DIR)/usr/local/lib/include\"",
					"\"$(OBJROOT)/UninstalledProducts/include\"",
					"\"$(OBJROOT)/UninstalledProducts/$(PLATFORM_NAME)/include\"",
					"\"$(BUILT_PRODUCTS_DIR)\"",
					"$(inherited)",
				);
				INFOPLIST_FILE = "First/First-Info.plist";
				IPHONEOS_DEPLOYMENT_TARGET = 12.0;
				LD_RUNPATH_SEARCH_PATHS = "$(inherited) '@executable_path/Frameworks' '@loader_path/Frameworks'";
				PODS_BUILD_DIR = $BUILD_DIR;
				PODS_CONFIGURATION_BUILD_DIR = "$PODS_BUILD_DIR/$(CONFIGURATION)$(EFFECTIVE_PLATFORM_NAME)";
				PODS_PODFILE_DIR_PATH = "${SRCROOT}/.";
				PODS_ROOT = "${SRCROOT}/Pods";
				PRODUCT_BUNDLE_IDENTIFIER = fr.groupeADP.firstVal;
				PRODUCT_NAME = "$(TARGET_NAME)";
				PROVISIONING_PROFILE_SPECIFIER = PP_First_VAL;
				TARGETED_DEVICE_FAMILY = "1,2";
				VALID_ARCHS = "$(ARCHS_STANDARD) i386";
			};
			name = Release;
		};
		CE79D8D62373147E004C0F44 /* Debug */ = {
			isa = XCBuildConfiguration;
			baseConfigurationReference = 3047A50F1AB8059700498E2A /* build-debug.xcconfig */;
			buildSettings = {
				ALWAYS_SEARCH_USER_PATHS = NO;
				ASSETCATALOG_COMPILER_APPICON_NAME = AppIcon;
				ASSETCATALOG_COMPILER_LAUNCHIMAGE_NAME = "";
				CLANG_ENABLE_MODULES = YES;
				CLANG_ENABLE_OBJC_ARC = YES;
				CODE_SIGN_ENTITLEMENTS = "$(PROJECT_DIR)/Entitlements/Entitlements-$(CONFIGURATION).plist";
				CODE_SIGN_IDENTITY = "Apple Development";
				CODE_SIGN_STYLE = Automatic;
				COPY_PHASE_STRIP = NO;
				DEVELOPMENT_TEAM = 2ZP448W2WZ;
				FRAMEWORK_SEARCH_PATHS = (
					"$(inherited)",
					"\"${PODS_CONFIGURATION_BUILD_DIR}/AFNetworking\"",
					"\"${PODS_CONFIGURATION_BUILD_DIR}/JSONStore\"",
					"\"${PODS_CONFIGURATION_BUILD_DIR}/KSCrash\"",
					"\"${PODS_CONFIGURATION_BUILD_DIR}/POMFramework\"",
				);
				GCC_DYNAMIC_NO_PIC = NO;
				GCC_OPTIMIZATION_LEVEL = 0;
				GCC_PRECOMPILE_PREFIX_HEADER = YES;
				GCC_PREFIX_HEADER = "First/First-Prefix.pch";
				GCC_THUMB_SUPPORT = NO;
				GCC_VERSION = "";
				HEADER_SEARCH_PATHS = (
					"\"$(TARGET_BUILD_DIR)/usr/local/lib/include\"",
					"\"$(OBJROOT)/UninstalledProducts/include\"",
					"\"$(OBJROOT)/UninstalledProducts/$(PLATFORM_NAME)/include\"",
					"\"$(BUILT_PRODUCTS_DIR)\"",
					"$(inherited)",
				);
				INFOPLIST_FILE = "First/First-Info.plist";
				IPHONEOS_DEPLOYMENT_TARGET = 12.0;
				LD_RUNPATH_SEARCH_PATHS = "$(inherited) '@executable_path/Frameworks' '@loader_path/Frameworks'";
				PODS_BUILD_DIR = $BUILD_DIR;
				PODS_CONFIGURATION_BUILD_DIR = "$PODS_BUILD_DIR/$(CONFIGURATION)$(EFFECTIVE_PLATFORM_NAME)";
				PODS_PODFILE_DIR_PATH = "${SRCROOT}/.";
				PODS_ROOT = "${SRCROOT}/Pods";
				PRODUCT_BUNDLE_IDENTIFIER = fr.groupeADP.firstVal;
				PRODUCT_NAME = "$(TARGET_NAME)";
				PROVISIONING_PROFILE_SPECIFIER = "";
				TARGETED_DEVICE_FAMILY = "1,2";
				VALID_ARCHS = "$(ARCHS_STANDARD) i386";
			};
			name = Debug;
		};
		CE79D8D72373147E004C0F44 /* Release */ = {
			isa = XCBuildConfiguration;
			baseConfigurationReference = 3047A5101AB8059700498E2A /* build-release.xcconfig */;
			buildSettings = {
				ALWAYS_SEARCH_USER_PATHS = NO;
				ASSETCATALOG_COMPILER_APPICON_NAME = AppIcon;
				ASSETCATALOG_COMPILER_LAUNCHIMAGE_NAME = "";
				CLANG_ENABLE_MODULES = YES;
				CLANG_ENABLE_OBJC_ARC = YES;
				CODE_SIGN_ENTITLEMENTS = "$(PROJECT_DIR)/Entitlements/Entitlements-$(CONFIGURATION).plist";
				CODE_SIGN_IDENTITY = "Apple Development";
				CODE_SIGN_STYLE = Automatic;
				COPY_PHASE_STRIP = YES;
				DEVELOPMENT_TEAM = 2ZP448W2WZ;
				FRAMEWORK_SEARCH_PATHS = (
					"$(inherited)",
					"\"${PODS_CONFIGURATION_BUILD_DIR}/AFNetworking\"",
					"\"${PODS_CONFIGURATION_BUILD_DIR}/JSONStore\"",
					"\"${PODS_CONFIGURATION_BUILD_DIR}/KSCrash\"",
					"\"${PODS_CONFIGURATION_BUILD_DIR}/POMFramework\"",
				);
				GCC_PRECOMPILE_PREFIX_HEADER = YES;
				GCC_PREFIX_HEADER = "First/First-Prefix.pch";
				GCC_THUMB_SUPPORT = NO;
				GCC_VERSION = "";
				HEADER_SEARCH_PATHS = (
					"\"$(TARGET_BUILD_DIR)/usr/local/lib/include\"",
					"\"$(OBJROOT)/UninstalledProducts/include\"",
					"\"$(OBJROOT)/UninstalledProducts/$(PLATFORM_NAME)/include\"",
					"\"$(BUILT_PRODUCTS_DIR)\"",
					"$(inherited)",
				);
				INFOPLIST_FILE = "First/First-Info.plist";
				IPHONEOS_DEPLOYMENT_TARGET = 12.0;
				LD_RUNPATH_SEARCH_PATHS = "$(inherited) '@executable_path/Frameworks' '@loader_path/Frameworks'";
				PODS_BUILD_DIR = $BUILD_DIR;
				PODS_CONFIGURATION_BUILD_DIR = "$PODS_BUILD_DIR/$(CONFIGURATION)$(EFFECTIVE_PLATFORM_NAME)";
				PODS_PODFILE_DIR_PATH = "${SRCROOT}/.";
				PODS_ROOT = "${SRCROOT}/Pods";
				PRODUCT_BUNDLE_IDENTIFIER = fr.groupeADP.firstVal;
				PRODUCT_NAME = "$(TARGET_NAME)";
				PROVISIONING_PROFILE_SPECIFIER = "";
				TARGETED_DEVICE_FAMILY = "1,2";
				VALID_ARCHS = "$(ARCHS_STANDARD) i386";
			};
			name = Release;
		};
		CE79D8F9237314AE004C0F44 /* Debug */ = {
			isa = XCBuildConfiguration;
			baseConfigurationReference = 3047A50F1AB8059700498E2A /* build-debug.xcconfig */;
			buildSettings = {
				ALWAYS_SEARCH_USER_PATHS = NO;
				ASSETCATALOG_COMPILER_APPICON_NAME = AppIcon;
				ASSETCATALOG_COMPILER_LAUNCHIMAGE_NAME = "";
				CLANG_ENABLE_MODULES = YES;
				CLANG_ENABLE_OBJC_ARC = YES;
				CODE_SIGN_ENTITLEMENTS = "$(PROJECT_DIR)//Entitlements/Entitlements-$(CONFIGURATION) PROD.plist";
				CODE_SIGN_IDENTITY = "Apple Development";
				CODE_SIGN_STYLE = Automatic;
				COPY_PHASE_STRIP = NO;
				DEVELOPMENT_TEAM = 2ZP448W2WZ;
				FRAMEWORK_SEARCH_PATHS = (
					"$(inherited)",
					"\"${PODS_CONFIGURATION_BUILD_DIR}/AFNetworking\"",
					"\"${PODS_CONFIGURATION_BUILD_DIR}/JSONStore\"",
					"\"${PODS_CONFIGURATION_BUILD_DIR}/KSCrash\"",
					"\"${PODS_CONFIGURATION_BUILD_DIR}/POMFramework\"",
				);
				GCC_DYNAMIC_NO_PIC = NO;
				GCC_OPTIMIZATION_LEVEL = 0;
				GCC_PRECOMPILE_PREFIX_HEADER = YES;
				GCC_PREFIX_HEADER = "First/First-Prefix.pch";
				GCC_THUMB_SUPPORT = NO;
				GCC_VERSION = "";
				HEADER_SEARCH_PATHS = (
					"\"$(TARGET_BUILD_DIR)/usr/local/lib/include\"",
					"\"$(OBJROOT)/UninstalledProducts/include\"",
					"\"$(OBJROOT)/UninstalledProducts/$(PLATFORM_NAME)/include\"",
					"\"$(BUILT_PRODUCTS_DIR)\"",
					"$(inherited)",
				);
				INFOPLIST_FILE = "First/First-Info.plist";
				IPHONEOS_DEPLOYMENT_TARGET = 12.0;
				LD_RUNPATH_SEARCH_PATHS = "$(inherited) '@executable_path/Frameworks' '@loader_path/Frameworks'";
				PODS_BUILD_DIR = $BUILD_DIR;
				PODS_CONFIGURATION_BUILD_DIR = "$PODS_BUILD_DIR/$(CONFIGURATION)$(EFFECTIVE_PLATFORM_NAME)";
				PODS_PODFILE_DIR_PATH = "${SRCROOT}/.";
				PODS_ROOT = "${SRCROOT}/Pods";
				PRODUCT_BUNDLE_IDENTIFIER = fr.aeroportsdeparis.first;
				PRODUCT_NAME = "$(TARGET_NAME)";
				PROVISIONING_PROFILE_SPECIFIER = "";
				TARGETED_DEVICE_FAMILY = "1,2";
				VALID_ARCHS = "$(ARCHS_STANDARD) i386";
			};
			name = Debug;
		};
		CE79D8FA237314AE004C0F44 /* Release */ = {
			isa = XCBuildConfiguration;
			baseConfigurationReference = 3047A5101AB8059700498E2A /* build-release.xcconfig */;
			buildSettings = {
				ALWAYS_SEARCH_USER_PATHS = NO;
				ASSETCATALOG_COMPILER_APPICON_NAME = AppIcon;
				ASSETCATALOG_COMPILER_LAUNCHIMAGE_NAME = "";
				CLANG_ENABLE_MODULES = YES;
				CLANG_ENABLE_OBJC_ARC = YES;
				CODE_SIGN_ENTITLEMENTS = "$(PROJECT_DIR)/Entitlements/Entitlements-$(CONFIGURATION) PROD.plist";
				CODE_SIGN_IDENTITY = "iPhone Distribution";
				"CODE_SIGN_IDENTITY[sdk=iphoneos*]" = "iPhone Distribution";
				CODE_SIGN_STYLE = Manual;
				COPY_PHASE_STRIP = YES;
				DEVELOPMENT_TEAM = 2ZP448W2WZ;
				FRAMEWORK_SEARCH_PATHS = (
					"$(inherited)",
					"\"${PODS_CONFIGURATION_BUILD_DIR}/AFNetworking\"",
					"\"${PODS_CONFIGURATION_BUILD_DIR}/JSONStore\"",
					"\"${PODS_CONFIGURATION_BUILD_DIR}/KSCrash\"",
					"\"${PODS_CONFIGURATION_BUILD_DIR}/POMFramework\"",
				);
				GCC_PRECOMPILE_PREFIX_HEADER = YES;
				GCC_PREFIX_HEADER = "First/First-Prefix.pch";
				GCC_THUMB_SUPPORT = NO;
				GCC_VERSION = "";
				HEADER_SEARCH_PATHS = (
					"\"$(TARGET_BUILD_DIR)/usr/local/lib/include\"",
					"\"$(OBJROOT)/UninstalledProducts/include\"",
					"\"$(OBJROOT)/UninstalledProducts/$(PLATFORM_NAME)/include\"",
					"\"$(BUILT_PRODUCTS_DIR)\"",
					"$(inherited)",
				);
				INFOPLIST_FILE = "First/First-Info.plist";
				IPHONEOS_DEPLOYMENT_TARGET = 12.0;
				LD_RUNPATH_SEARCH_PATHS = "$(inherited) '@executable_path/Frameworks' '@loader_path/Frameworks'";
				PODS_BUILD_DIR = $BUILD_DIR;
				PODS_CONFIGURATION_BUILD_DIR = "$PODS_BUILD_DIR/$(CONFIGURATION)$(EFFECTIVE_PLATFORM_NAME)";
				PODS_PODFILE_DIR_PATH = "${SRCROOT}/.";
				PODS_ROOT = "${SRCROOT}/Pods";
				PRODUCT_BUNDLE_IDENTIFIER = fr.aeroportsdeparis.first;
				PRODUCT_NAME = "$(TARGET_NAME)";
				PROVISIONING_PROFILE_SPECIFIER = FirstPROD;
				TARGETED_DEVICE_FAMILY = "1,2";
				VALID_ARCHS = "$(ARCHS_STANDARD) i386";
			};
			name = Release;
		};
/* End XCBuildConfiguration section */

/* Begin XCConfigurationList section */
		1D6058960D05DD3E006BFB54 /* Build configuration list for PBXNativeTarget "First-DEV" */ = {
			isa = XCConfigurationList;
			buildConfigurations = (
				1D6058940D05DD3E006BFB54 /* Debug */,
				1D6058950D05DD3E006BFB54 /* Release */,
			);
			defaultConfigurationIsVisible = 0;
			defaultConfigurationName = Release;
		};
		C01FCF4E08A954540054247B /* Build configuration list for PBXProject "First" */ = {
			isa = XCConfigurationList;
			buildConfigurations = (
				C01FCF4F08A954540054247B /* Debug */,
				C01FCF5008A954540054247B /* Release */,
			);
			defaultConfigurationIsVisible = 0;
			defaultConfigurationName = Release;
		};
		CE79D8B22373133D004C0F44 /* Build configuration list for PBXNativeTarget "First-VABF" */ = {
			isa = XCConfigurationList;
			buildConfigurations = (
				CE79D8B32373133D004C0F44 /* Debug */,
				CE79D8B42373133D004C0F44 /* Release */,
			);
			defaultConfigurationIsVisible = 0;
			defaultConfigurationName = Release;
		};
		CE79D8D52373147E004C0F44 /* Build configuration list for PBXNativeTarget "First-INTE" */ = {
			isa = XCConfigurationList;
			buildConfigurations = (
				CE79D8D62373147E004C0F44 /* Debug */,
				CE79D8D72373147E004C0F44 /* Release */,
			);
			defaultConfigurationIsVisible = 0;
			defaultConfigurationName = Release;
		};
		CE79D8F8237314AE004C0F44 /* Build configuration list for PBXNativeTarget "First-PROD" */ = {
			isa = XCConfigurationList;
			buildConfigurations = (
				CE79D8F9237314AE004C0F44 /* Debug */,
				CE79D8FA237314AE004C0F44 /* Release */,
			);
			defaultConfigurationIsVisible = 0;
			defaultConfigurationName = Release;
		};
/* End XCConfigurationList section */
	};
	rootObject = 29B97313FDCFA39411CA2CEA /* Project object */;
}
